PODS:
  - Cache (4.1.2)
  - SwiftyJSON (3.1.4)
  - TMDBSwift (0.4.2.1)

DEPENDENCIES:
  - Cache (= 4.1.2)
  - SwiftyJSON (= 3.1.4)
  - TMDBSwift (= 0.4.2.1)

SPEC REPOS:
  https://github.com/cocoapods/specs.git:
    - Cache
    - SwiftyJSON
    - TMDBSwift

SPEC CHECKSUMS:
  Cache: bd0233fc688b5e83a27bcd87807db7e6f23adcc5
  SwiftyJSON: c2842d878f95482ffceec5709abc3d05680c0220
  TMDBSwift: f91fb1860d3ea7c57f9970d98ebf88868c7e5d9a

PODFILE CHECKSUM: f54250b357ab031c2ef9f10169532511146e1add

COCOAPODS: 1.5.3
