// !$*UTF8*$!
{
	archiveVersion = 1;
	classes = {
	};
	objectVersion = 46;
	objects = {

/* Begin PBXBuildFile section */
		67F28248E64E29D9A77D9D8F /* Pods_iOS_Application.framework in Frameworks */ = {isa = PBXBuildFile; fileRef = 13242D2B0EF60F72BA6B29B0 /* Pods_iOS_Application.framework */; };
		816BF0BC88B832640E011066 /* Updates.swift in Sources */ = {isa = PBXBuildFile; fileRef = 816BF6C6293365477C98D5A4 /* Updates.swift */; };
		816BF40FCCC10885A4DACB13 /* Utils.swift in Sources */ = {isa = PBXBuildFile; fileRef = 816BFC4887FE2604E5FB8233 /* Utils.swift */; };
		816BF43A7593960F660A23B7 /* GenericPages.swift in Sources */ = {isa = PBXBuildFile; fileRef = 816BF0249B9FE92FDCAF65C0 /* GenericPages.swift */; };
		816BF68AD5183E9A65E57593 /* GenericEmptyView.swift in Sources */ = {isa = PBXBuildFile; fileRef = 816BFD2D067C0F79106D9254 /* GenericEmptyView.swift */; };
		816BFC18F7DB44F8FF6B6838 /* SelectableLabelSheet.swift in Sources */ = {isa = PBXBuildFile; fileRef = 816BFD50F2821EF263C13B48 /* SelectableLabelSheet.swift */; };
		816BFCFFC63B3745C2399F75 /* ImportCoordinator.swift in Sources */ = {isa = PBXBuildFile; fileRef = 816BFC5A4FCEC7B899C4E47E /* ImportCoordinator.swift */; };
		A8B38F2F53B47077F6B743F1 /* Pods_CinemaKit.framework in Frameworks */ = {isa = PBXBuildFile; fileRef = 5FCC01CFBB4BB1DDCACBD358 /* Pods_CinemaKit.framework */; };
		CB0F41301F5C526B00095350 /* Localizable.stringsdict in Resources */ = {isa = PBXBuildFile; fileRef = CB0F41321F5C526B00095350 /* Localizable.stringsdict */; };
		CB1A15CD2061322D003BD8D0 /* CinemaKit.h in Headers */ = {isa = PBXBuildFile; fileRef = CB1A15CB2061322D003BD8D0 /* CinemaKit.h */; settings = {ATTRIBUTES = (Public, ); }; };
		CB1A15D02061322D003BD8D0 /* CinemaKit.framework in Frameworks */ = {isa = PBXBuildFile; fileRef = CB1A15C92061322D003BD8D0 /* CinemaKit.framework */; };
		CB1A15D12061322D003BD8D0 /* CinemaKit.framework in Embed Frameworks */ = {isa = PBXBuildFile; fileRef = CB1A15C92061322D003BD8D0 /* CinemaKit.framework */; settings = {ATTRIBUTES = (CodeSignOnCopy, RemoveHeadersOnCopy, ); }; };
		CB1A15D62061326A003BD8D0 /* MulticastDelegate.swift in Sources */ = {isa = PBXBuildFile; fileRef = 816BF1736861B92F3C805B3D /* MulticastDelegate.swift */; };
		CB1A15D720613478003BD8D0 /* MediaLibrary.swift in Sources */ = {isa = PBXBuildFile; fileRef = CBB5697C1EA4D6C3005F7BA7 /* MediaLibrary.swift */; };
		CB1A15D820613478003BD8D0 /* MediaItem.swift in Sources */ = {isa = PBXBuildFile; fileRef = CBB5697B1EA4D6C3005F7BA7 /* MediaItem.swift */; };
		CB1A15D920613478003BD8D0 /* FileBasedMediaLibrary.swift in Sources */ = {isa = PBXBuildFile; fileRef = 816BFA309BDAC4DB9673DA9D /* FileBasedMediaLibrary.swift */; };
		CB1A15DA20613478003BD8D0 /* DataFormat.swift in Sources */ = {isa = PBXBuildFile; fileRef = 816BFE92A74C1A209F3908F4 /* DataFormat.swift */; };
		CB1A15DB20613478003BD8D0 /* KeyedArchivalFormat.swift in Sources */ = {isa = PBXBuildFile; fileRef = 816BFF4C36540A18EF3BBC17 /* KeyedArchivalFormat.swift */; };
		CB1A15DC20613478003BD8D0 /* JSONFormat.swift in Sources */ = {isa = PBXBuildFile; fileRef = 816BFB35827AAE8FBEE17E66 /* JSONFormat.swift */; };
		CB1A15DD2061347E003BD8D0 /* MovieDbClient.swift in Sources */ = {isa = PBXBuildFile; fileRef = 816BF2612290416EB1BFCA59 /* MovieDbClient.swift */; };
		CB1A15DE2061347E003BD8D0 /* TMDBSwiftCache.swift in Sources */ = {isa = PBXBuildFile; fileRef = 816BF09753AED0716E1BBC94 /* TMDBSwiftCache.swift */; };
		CB1A15DF2061347E003BD8D0 /* TMDBSwiftWrapper.swift in Sources */ = {isa = PBXBuildFile; fileRef = 816BFC9CFD7B36183A006B9A /* TMDBSwiftWrapper.swift */; };
		CB1A15E020613483003BD8D0 /* MaintenanceAction.swift in Sources */ = {isa = PBXBuildFile; fileRef = 816BF53F9A8AEE41E204E3FF /* MaintenanceAction.swift */; };
		CB1A15E120613483003BD8D0 /* PropertyUpdateAction.swift in Sources */ = {isa = PBXBuildFile; fileRef = 816BF3DA62E7CFD210E5592E /* PropertyUpdateAction.swift */; };
		CB1A15E220613483003BD8D0 /* MediaItemUpdates.swift in Sources */ = {isa = PBXBuildFile; fileRef = 816BF6485AE62C9C4E2E63B2 /* MediaItemUpdates.swift */; };
		CB1A15E320613483003BD8D0 /* ImportAction.swift in Sources */ = {isa = PBXBuildFile; fileRef = 816BF176EC09E4DC465BD019 /* ImportAction.swift */; };
		CB1A15E420613483003BD8D0 /* ImportAndUpdateAction.swift in Sources */ = {isa = PBXBuildFile; fileRef = 816BF18B4CBACCFADEB126E2 /* ImportAndUpdateAction.swift */; };
		CB370C1C1FFCFC710034BB2F /* GenericPages.storyboard in Resources */ = {isa = PBXBuildFile; fileRef = CB370C1B1FFCFC710034BB2F /* GenericPages.storyboard */; };
		CB370C1F1FFD08270034BB2F /* PageCoordinator.swift in Sources */ = {isa = PBXBuildFile; fileRef = CB370C1E1FFD08270034BB2F /* PageCoordinator.swift */; };
		CB4C40631FF2A63F00A6C32B /* SearchTmdbCoordinator.swift in Sources */ = {isa = PBXBuildFile; fileRef = CB4C40621FF2A63F00A6C32B /* SearchTmdbCoordinator.swift */; };
		CB4C40651FF2C65A00A6C32B /* AppDependencies.swift in Sources */ = {isa = PBXBuildFile; fileRef = CB4C40641FF2C65A00A6C32B /* AppDependencies.swift */; };
		CB65D7AB1F8A107F00457386 /* TabularSheetController.swift in Sources */ = {isa = PBXBuildFile; fileRef = CB65D7A81F8A103000457386 /* TabularSheetController.swift */; };
		CB65D7AC1F8A108200457386 /* DimmingPresentationController.swift in Sources */ = {isa = PBXBuildFile; fileRef = CB65D7AA1F8A103000457386 /* DimmingPresentationController.swift */; };
		CB65D7AD1F8A108A00457386 /* ArrayTableController.swift in Sources */ = {isa = PBXBuildFile; fileRef = CB65D7A91F8A103000457386 /* ArrayTableController.swift */; };
		CB65D7AF1F8A131F00457386 /* SelectableLabelCell.xib in Resources */ = {isa = PBXBuildFile; fileRef = CB65D7AE1F8A131F00457386 /* SelectableLabelCell.xib */; };
		CB84B1891FEAF5E500B455D4 /* SortPrefixes.plist in Resources */ = {isa = PBXBuildFile; fileRef = CB84B18B1FEAF5E500B455D4 /* SortPrefixes.plist */; };
		CB9484C11EFA643500D9651E /* Localizable.strings in Resources */ = {isa = PBXBuildFile; fileRef = CB9484C31EFA643500D9651E /* Localizable.strings */; };
		CBAE5E861F3486EA0055366F /* EditItem.storyboard in Resources */ = {isa = PBXBuildFile; fileRef = CBAE5E841F3486EA0055366F /* EditItem.storyboard */; };
		CBAE5E8B1F3493EA0055366F /* SearchTmdb.storyboard in Resources */ = {isa = PBXBuildFile; fileRef = CBAE5E891F3493EA0055366F /* SearchTmdb.storyboard */; };
		CBB569671EA4D6A2005F7BA7 /* AppDelegate.swift in Sources */ = {isa = PBXBuildFile; fileRef = CBB569661EA4D6A2005F7BA7 /* AppDelegate.swift */; };
		CBB5696E1EA4D6A2005F7BA7 /* MovieList.storyboard in Resources */ = {isa = PBXBuildFile; fileRef = CBB5696C1EA4D6A2005F7BA7 /* MovieList.storyboard */; };
		CBB569701EA4D6A2005F7BA7 /* Assets.xcassets in Resources */ = {isa = PBXBuildFile; fileRef = CBB5696F1EA4D6A2005F7BA7 /* Assets.xcassets */; };
		CBB569731EA4D6A2005F7BA7 /* LaunchScreen.storyboard in Resources */ = {isa = PBXBuildFile; fileRef = CBB569711EA4D6A2005F7BA7 /* LaunchScreen.storyboard */; };
		CBEA633F1FF3932E00830377 /* L10n.swift in Sources */ = {isa = PBXBuildFile; fileRef = CBEA633E1FF3932E00830377 /* L10n.swift */; };
		CBEA63411FF3952300830377 /* GenreListController.swift in Sources */ = {isa = PBXBuildFile; fileRef = CBEA63401FF3952300830377 /* GenreListController.swift */; };
		CBEA63431FF3953600830377 /* GenreListCoordinator.swift in Sources */ = {isa = PBXBuildFile; fileRef = CBEA63421FF3953600830377 /* GenreListCoordinator.swift */; };
		CBEA63461FF3954700830377 /* GenreList.storyboard in Resources */ = {isa = PBXBuildFile; fileRef = CBEA63441FF3954700830377 /* GenreList.storyboard */; };
		CBEA63481FF3958A00830377 /* ScrimView.swift in Sources */ = {isa = PBXBuildFile; fileRef = CBEA63471FF3958A00830377 /* ScrimView.swift */; };
		CBED94271F6BF80E00FA4045 /* PopularMoviesViewController.swift in Sources */ = {isa = PBXBuildFile; fileRef = CBED94201F6BF6C200FA4045 /* PopularMoviesViewController.swift */; };
		CBED94281F6BF80E00FA4045 /* SearchTmdbSearchResultsController.swift in Sources */ = {isa = PBXBuildFile; fileRef = CBED94211F6BF6C200FA4045 /* SearchTmdbSearchResultsController.swift */; };
		CBED94291F6BF80E00FA4045 /* SearchTmdbController.swift in Sources */ = {isa = PBXBuildFile; fileRef = CBED94221F6BF6C200FA4045 /* SearchTmdbController.swift */; };
		CBED942A1F6BF80E00FA4045 /* LibraryUpdateController.swift in Sources */ = {isa = PBXBuildFile; fileRef = CBED941A1F6BF6C200FA4045 /* LibraryUpdateController.swift */; };
		CBED942B1F6BFB0E00FA4045 /* MovieListController.swift in Sources */ = {isa = PBXBuildFile; fileRef = CBED941F1F6BF6C200FA4045 /* MovieListController.swift */; };
		CBED942C1F6BFB0E00FA4045 /* SortDescriptor.swift in Sources */ = {isa = PBXBuildFile; fileRef = CBED94231F6BF6C200FA4045 /* SortDescriptor.swift */; };
		CBED942D1F6BFB0E00FA4045 /* EditItemController.swift in Sources */ = {isa = PBXBuildFile; fileRef = CBED941C1F6BF6C200FA4045 /* EditItemController.swift */; };
		CBED942E1F6BFB0E00FA4045 /* SectionSortingStrategy.swift in Sources */ = {isa = PBXBuildFile; fileRef = CBED94241F6BF6C200FA4045 /* SectionSortingStrategy.swift */; };
		CBED94301F6BFB0E00FA4045 /* ItemDetailsController.swift in Sources */ = {isa = PBXBuildFile; fileRef = CBED941B1F6BF6C200FA4045 /* ItemDetailsController.swift */; };
		CBF3CE601FF2366700F4B6C0 /* Coordinator.swift in Sources */ = {isa = PBXBuildFile; fileRef = CBF3CE5F1FF2366700F4B6C0 /* Coordinator.swift */; };
		CBF3CE621FF2369B00F4B6C0 /* AppCoordinator.swift in Sources */ = {isa = PBXBuildFile; fileRef = CBF3CE611FF2369B00F4B6C0 /* AppCoordinator.swift */; };
		CBF3CE641FF2385C00F4B6C0 /* CoreCoordinator.swift in Sources */ = {isa = PBXBuildFile; fileRef = CBF3CE631FF2385C00F4B6C0 /* CoreCoordinator.swift */; };
		CBF3CE661FF23A4300F4B6C0 /* DataUpdateCoordinator.swift in Sources */ = {isa = PBXBuildFile; fileRef = CBF3CE651FF23A4300F4B6C0 /* DataUpdateCoordinator.swift */; };
		CBF3CE681FF23E9700F4B6C0 /* EditItemCoordinator.swift in Sources */ = {isa = PBXBuildFile; fileRef = CBF3CE671FF23E9700F4B6C0 /* EditItemCoordinator.swift */; };
		CBF3CE6A1FF245BB00F4B6C0 /* ItemDetailsCoordinator.swift in Sources */ = {isa = PBXBuildFile; fileRef = CBF3CE691FF245BB00F4B6C0 /* ItemDetailsCoordinator.swift */; };
		CBF3CE6E1FF250BD00F4B6C0 /* LibraryContentCoordinator.swift in Sources */ = {isa = PBXBuildFile; fileRef = CBF3CE6D1FF250BD00F4B6C0 /* LibraryContentCoordinator.swift */; };
		CBF3CE701FF2568D00F4B6C0 /* Provider.swift in Sources */ = {isa = PBXBuildFile; fileRef = CBF3CE6F1FF2568D00F4B6C0 /* Provider.swift */; };
		CBF3CE721FF256AC00F4B6C0 /* CellHandling.swift in Sources */ = {isa = PBXBuildFile; fileRef = CBF3CE711FF256AC00F4B6C0 /* CellHandling.swift */; };
		CBF3CE781FF25AA600F4B6C0 /* MovieListSearchResultsController.swift in Sources */ = {isa = PBXBuildFile; fileRef = CBF3CE771FF25AA600F4B6C0 /* MovieListSearchResultsController.swift */; };
		CBF3CE7A1FF2985C00F4B6C0 /* PopularMovies.storyboard in Resources */ = {isa = PBXBuildFile; fileRef = CBF3CE791FF2985C00F4B6C0 /* PopularMovies.storyboard */; };
/* End PBXBuildFile section */

/* Begin PBXContainerItemProxy section */
		CB1A15CE2061322D003BD8D0 /* PBXContainerItemProxy */ = {
			isa = PBXContainerItemProxy;
			containerPortal = CBB5695B1EA4D6A2005F7BA7 /* Project object */;
			proxyType = 1;
			remoteGlobalIDString = CB1A15C82061322D003BD8D0;
			remoteInfo = CinemaKit;
		};
/* End PBXContainerItemProxy section */

/* Begin PBXCopyFilesBuildPhase section */
		CB1A15D52061322D003BD8D0 /* Embed Frameworks */ = {
			isa = PBXCopyFilesBuildPhase;
			buildActionMask = 2147483647;
			dstPath = "";
			dstSubfolderSpec = 10;
			files = (
				CB1A15D12061322D003BD8D0 /* CinemaKit.framework in Embed Frameworks */,
			);
			name = "Embed Frameworks";
			runOnlyForDeploymentPostprocessing = 0;
		};
/* End PBXCopyFilesBuildPhase section */

/* Begin PBXFileReference section */
		00B2E6E2A80AF1B32174C48F /* Pods-iOS Application.debug.xcconfig */ = {isa = PBXFileReference; includeInIndex = 1; lastKnownFileType = text.xcconfig; name = "Pods-iOS Application.debug.xcconfig"; path = "Pods/Target Support Files/Pods-iOS Application/Pods-iOS Application.debug.xcconfig"; sourceTree = "<group>"; };
		13242D2B0EF60F72BA6B29B0 /* Pods_iOS_Application.framework */ = {isa = PBXFileReference; explicitFileType = wrapper.framework; includeInIndex = 0; path = Pods_iOS_Application.framework; sourceTree = BUILT_PRODUCTS_DIR; };
		5FCC01CFBB4BB1DDCACBD358 /* Pods_CinemaKit.framework */ = {isa = PBXFileReference; explicitFileType = wrapper.framework; includeInIndex = 0; path = Pods_CinemaKit.framework; sourceTree = BUILT_PRODUCTS_DIR; };
		62F940D580E4634B69CB1469 /* Pods-iOS Application.release.xcconfig */ = {isa = PBXFileReference; includeInIndex = 1; lastKnownFileType = text.xcconfig; name = "Pods-iOS Application.release.xcconfig"; path = "Pods/Target Support Files/Pods-iOS Application/Pods-iOS Application.release.xcconfig"; sourceTree = "<group>"; };
		816BF0249B9FE92FDCAF65C0 /* GenericPages.swift */ = {isa = PBXFileReference; fileEncoding = 4; lastKnownFileType = sourcecode.swift; path = GenericPages.swift; sourceTree = "<group>"; };
		816BF09753AED0716E1BBC94 /* TMDBSwiftCache.swift */ = {isa = PBXFileReference; fileEncoding = 4; lastKnownFileType = sourcecode.swift; path = TMDBSwiftCache.swift; sourceTree = "<group>"; };
		816BF1736861B92F3C805B3D /* MulticastDelegate.swift */ = {isa = PBXFileReference; fileEncoding = 4; lastKnownFileType = sourcecode.swift; path = MulticastDelegate.swift; sourceTree = "<group>"; };
		816BF176EC09E4DC465BD019 /* ImportAction.swift */ = {isa = PBXFileReference; fileEncoding = 4; lastKnownFileType = sourcecode.swift; path = ImportAction.swift; sourceTree = "<group>"; };
		816BF18B4CBACCFADEB126E2 /* ImportAndUpdateAction.swift */ = {isa = PBXFileReference; fileEncoding = 4; lastKnownFileType = sourcecode.swift; path = ImportAndUpdateAction.swift; sourceTree = "<group>"; };
		816BF2612290416EB1BFCA59 /* MovieDbClient.swift */ = {isa = PBXFileReference; fileEncoding = 4; lastKnownFileType = sourcecode.swift; path = MovieDbClient.swift; sourceTree = "<group>"; };
		816BF3DA62E7CFD210E5592E /* PropertyUpdateAction.swift */ = {isa = PBXFileReference; fileEncoding = 4; lastKnownFileType = sourcecode.swift; path = PropertyUpdateAction.swift; sourceTree = "<group>"; };
		816BF53F9A8AEE41E204E3FF /* MaintenanceAction.swift */ = {isa = PBXFileReference; fileEncoding = 4; lastKnownFileType = sourcecode.swift; path = MaintenanceAction.swift; sourceTree = "<group>"; };
		816BF6485AE62C9C4E2E63B2 /* MediaItemUpdates.swift */ = {isa = PBXFileReference; fileEncoding = 4; lastKnownFileType = sourcecode.swift; path = MediaItemUpdates.swift; sourceTree = "<group>"; };
		816BF6C6293365477C98D5A4 /* Updates.swift */ = {isa = PBXFileReference; fileEncoding = 4; lastKnownFileType = sourcecode.swift; path = Updates.swift; sourceTree = "<group>"; };
		816BFA309BDAC4DB9673DA9D /* FileBasedMediaLibrary.swift */ = {isa = PBXFileReference; fileEncoding = 4; lastKnownFileType = sourcecode.swift; path = FileBasedMediaLibrary.swift; sourceTree = "<group>"; };
		816BFB35827AAE8FBEE17E66 /* JSONFormat.swift */ = {isa = PBXFileReference; fileEncoding = 4; lastKnownFileType = sourcecode.swift; path = JSONFormat.swift; sourceTree = "<group>"; };
		816BFC4887FE2604E5FB8233 /* Utils.swift */ = {isa = PBXFileReference; fileEncoding = 4; lastKnownFileType = sourcecode.swift; path = Utils.swift; sourceTree = "<group>"; };
		816BFC5A4FCEC7B899C4E47E /* ImportCoordinator.swift */ = {isa = PBXFileReference; fileEncoding = 4; lastKnownFileType = sourcecode.swift; path = ImportCoordinator.swift; sourceTree = "<group>"; };
		816BFC9CFD7B36183A006B9A /* TMDBSwiftWrapper.swift */ = {isa = PBXFileReference; fileEncoding = 4; lastKnownFileType = sourcecode.swift; path = TMDBSwiftWrapper.swift; sourceTree = "<group>"; };
		816BFD2D067C0F79106D9254 /* GenericEmptyView.swift */ = {isa = PBXFileReference; fileEncoding = 4; lastKnownFileType = sourcecode.swift; path = GenericEmptyView.swift; sourceTree = "<group>"; };
		816BFD50F2821EF263C13B48 /* SelectableLabelSheet.swift */ = {isa = PBXFileReference; fileEncoding = 4; lastKnownFileType = sourcecode.swift; path = SelectableLabelSheet.swift; sourceTree = "<group>"; };
		816BFE92A74C1A209F3908F4 /* DataFormat.swift */ = {isa = PBXFileReference; fileEncoding = 4; lastKnownFileType = sourcecode.swift; path = DataFormat.swift; sourceTree = "<group>"; };
		816BFF4C36540A18EF3BBC17 /* KeyedArchivalFormat.swift */ = {isa = PBXFileReference; fileEncoding = 4; lastKnownFileType = sourcecode.swift; path = KeyedArchivalFormat.swift; sourceTree = "<group>"; };
		84DFA87D2F17B7C5A92E65FB /* Pods-CinemaKit.debug.xcconfig */ = {isa = PBXFileReference; includeInIndex = 1; lastKnownFileType = text.xcconfig; name = "Pods-CinemaKit.debug.xcconfig"; path = "Pods/Target Support Files/Pods-CinemaKit/Pods-CinemaKit.debug.xcconfig"; sourceTree = "<group>"; };
		C62540F445D01CD5E2C22CA4 /* Pods-CinemaKit.release.xcconfig */ = {isa = PBXFileReference; includeInIndex = 1; lastKnownFileType = text.xcconfig; name = "Pods-CinemaKit.release.xcconfig"; path = "Pods/Target Support Files/Pods-CinemaKit/Pods-CinemaKit.release.xcconfig"; sourceTree = "<group>"; };
		CB0F41311F5C526B00095350 /* Base */ = {isa = PBXFileReference; lastKnownFileType = text.plist.stringsdict; name = Base; path = Base.lproj/Localizable.stringsdict; sourceTree = "<group>"; };
		CB0F41331F5C526D00095350 /* de */ = {isa = PBXFileReference; lastKnownFileType = text.plist.stringsdict; name = de; path = de.lproj/Localizable.stringsdict; sourceTree = "<group>"; };
		CB1A15C92061322D003BD8D0 /* CinemaKit.framework */ = {isa = PBXFileReference; explicitFileType = wrapper.framework; includeInIndex = 0; path = CinemaKit.framework; sourceTree = BUILT_PRODUCTS_DIR; };
		CB1A15CB2061322D003BD8D0 /* CinemaKit.h */ = {isa = PBXFileReference; lastKnownFileType = sourcecode.c.h; path = CinemaKit.h; sourceTree = "<group>"; };
		CB1A15CC2061322D003BD8D0 /* Info.plist */ = {isa = PBXFileReference; lastKnownFileType = text.plist.xml; path = Info.plist; sourceTree = "<group>"; };
		CB370C1B1FFCFC710034BB2F /* GenericPages.storyboard */ = {isa = PBXFileReference; fileEncoding = 4; lastKnownFileType = file.storyboard; path = GenericPages.storyboard; sourceTree = "<group>"; };
		CB370C1E1FFD08270034BB2F /* PageCoordinator.swift */ = {isa = PBXFileReference; fileEncoding = 4; lastKnownFileType = sourcecode.swift; path = PageCoordinator.swift; sourceTree = "<group>"; };
		CB4C40621FF2A63F00A6C32B /* SearchTmdbCoordinator.swift */ = {isa = PBXFileReference; lastKnownFileType = sourcecode.swift; path = SearchTmdbCoordinator.swift; sourceTree = "<group>"; };
		CB4C40641FF2C65A00A6C32B /* AppDependencies.swift */ = {isa = PBXFileReference; fileEncoding = 4; lastKnownFileType = sourcecode.swift; path = AppDependencies.swift; sourceTree = "<group>"; };
		CB65D7A81F8A103000457386 /* TabularSheetController.swift */ = {isa = PBXFileReference; lastKnownFileType = sourcecode.swift; path = TabularSheetController.swift; sourceTree = "<group>"; };
		CB65D7A91F8A103000457386 /* ArrayTableController.swift */ = {isa = PBXFileReference; lastKnownFileType = sourcecode.swift; path = ArrayTableController.swift; sourceTree = "<group>"; };
		CB65D7AA1F8A103000457386 /* DimmingPresentationController.swift */ = {isa = PBXFileReference; lastKnownFileType = sourcecode.swift; path = DimmingPresentationController.swift; sourceTree = "<group>"; };
		CB65D7AE1F8A131F00457386 /* SelectableLabelCell.xib */ = {isa = PBXFileReference; lastKnownFileType = file.xib; path = SelectableLabelCell.xib; sourceTree = "<group>"; };
		CB84B18A1FEAF5E500B455D4 /* Base */ = {isa = PBXFileReference; lastKnownFileType = text.plist.xml; name = Base; path = Base.lproj/SortPrefixes.plist; sourceTree = "<group>"; };
		CB9484C21EFA643500D9651E /* Base */ = {isa = PBXFileReference; lastKnownFileType = text.plist.strings; name = Base; path = Base.lproj/Localizable.strings; sourceTree = "<group>"; };
		CB9484C61EFA691100D9651E /* de */ = {isa = PBXFileReference; lastKnownFileType = text.plist.strings; name = de; path = de.lproj/Localizable.strings; sourceTree = "<group>"; };
		CBAE5E851F3486EA0055366F /* Base */ = {isa = PBXFileReference; lastKnownFileType = file.storyboard; name = Base; path = Base.lproj/EditItem.storyboard; sourceTree = "<group>"; };
		CBAE5E8A1F3493EA0055366F /* Base */ = {isa = PBXFileReference; lastKnownFileType = file.storyboard; name = Base; path = Base.lproj/SearchTmdb.storyboard; sourceTree = "<group>"; };
		CBB569631EA4D6A2005F7BA7 /* iOS Application.app */ = {isa = PBXFileReference; explicitFileType = wrapper.application; includeInIndex = 0; path = "iOS Application.app"; sourceTree = BUILT_PRODUCTS_DIR; };
		CBB569661EA4D6A2005F7BA7 /* AppDelegate.swift */ = {isa = PBXFileReference; lastKnownFileType = sourcecode.swift; path = AppDelegate.swift; sourceTree = "<group>"; };
		CBB5696D1EA4D6A2005F7BA7 /* Base */ = {isa = PBXFileReference; lastKnownFileType = file.storyboard; name = Base; path = Base.lproj/MovieList.storyboard; sourceTree = "<group>"; };
		CBB5696F1EA4D6A2005F7BA7 /* Assets.xcassets */ = {isa = PBXFileReference; lastKnownFileType = folder.assetcatalog; path = Assets.xcassets; sourceTree = "<group>"; };
		CBB569721EA4D6A2005F7BA7 /* Base */ = {isa = PBXFileReference; lastKnownFileType = file.storyboard; name = Base; path = Base.lproj/LaunchScreen.storyboard; sourceTree = "<group>"; };
		CBB569741EA4D6A2005F7BA7 /* Info.plist */ = {isa = PBXFileReference; lastKnownFileType = text.plist.xml; path = Info.plist; sourceTree = "<group>"; };
		CBB5697B1EA4D6C3005F7BA7 /* MediaItem.swift */ = {isa = PBXFileReference; fileEncoding = 4; lastKnownFileType = sourcecode.swift; path = MediaItem.swift; sourceTree = "<group>"; };
		CBB5697C1EA4D6C3005F7BA7 /* MediaLibrary.swift */ = {isa = PBXFileReference; fileEncoding = 4; lastKnownFileType = sourcecode.swift; path = MediaLibrary.swift; sourceTree = "<group>"; };
		CBEA633E1FF3932E00830377 /* L10n.swift */ = {isa = PBXFileReference; fileEncoding = 4; lastKnownFileType = sourcecode.swift; path = L10n.swift; sourceTree = "<group>"; };
		CBEA63401FF3952300830377 /* GenreListController.swift */ = {isa = PBXFileReference; fileEncoding = 4; lastKnownFileType = sourcecode.swift; path = GenreListController.swift; sourceTree = "<group>"; };
		CBEA63421FF3953600830377 /* GenreListCoordinator.swift */ = {isa = PBXFileReference; fileEncoding = 4; lastKnownFileType = sourcecode.swift; path = GenreListCoordinator.swift; sourceTree = "<group>"; };
		CBEA63451FF3954700830377 /* Base */ = {isa = PBXFileReference; lastKnownFileType = file.storyboard; name = Base; path = Base.lproj/GenreList.storyboard; sourceTree = "<group>"; };
		CBEA63471FF3958A00830377 /* ScrimView.swift */ = {isa = PBXFileReference; fileEncoding = 4; lastKnownFileType = sourcecode.swift; path = ScrimView.swift; sourceTree = "<group>"; };
		CBED941A1F6BF6C200FA4045 /* LibraryUpdateController.swift */ = {isa = PBXFileReference; lastKnownFileType = sourcecode.swift; path = LibraryUpdateController.swift; sourceTree = "<group>"; };
		CBED941B1F6BF6C200FA4045 /* ItemDetailsController.swift */ = {isa = PBXFileReference; lastKnownFileType = sourcecode.swift; path = ItemDetailsController.swift; sourceTree = "<group>"; };
		CBED941C1F6BF6C200FA4045 /* EditItemController.swift */ = {isa = PBXFileReference; lastKnownFileType = sourcecode.swift; path = EditItemController.swift; sourceTree = "<group>"; };
		CBED941F1F6BF6C200FA4045 /* MovieListController.swift */ = {isa = PBXFileReference; lastKnownFileType = sourcecode.swift; path = MovieListController.swift; sourceTree = "<group>"; };
		CBED94201F6BF6C200FA4045 /* PopularMoviesViewController.swift */ = {isa = PBXFileReference; lastKnownFileType = sourcecode.swift; path = PopularMoviesViewController.swift; sourceTree = "<group>"; };
		CBED94211F6BF6C200FA4045 /* SearchTmdbSearchResultsController.swift */ = {isa = PBXFileReference; lastKnownFileType = sourcecode.swift; path = SearchTmdbSearchResultsController.swift; sourceTree = "<group>"; };
		CBED94221F6BF6C200FA4045 /* SearchTmdbController.swift */ = {isa = PBXFileReference; lastKnownFileType = sourcecode.swift; path = SearchTmdbController.swift; sourceTree = "<group>"; };
		CBED94231F6BF6C200FA4045 /* SortDescriptor.swift */ = {isa = PBXFileReference; lastKnownFileType = sourcecode.swift; path = SortDescriptor.swift; sourceTree = "<group>"; };
		CBED94241F6BF6C200FA4045 /* SectionSortingStrategy.swift */ = {isa = PBXFileReference; lastKnownFileType = sourcecode.swift; path = SectionSortingStrategy.swift; sourceTree = "<group>"; };
		CBF3CE5F1FF2366700F4B6C0 /* Coordinator.swift */ = {isa = PBXFileReference; lastKnownFileType = sourcecode.swift; path = Coordinator.swift; sourceTree = "<group>"; };
		CBF3CE611FF2369B00F4B6C0 /* AppCoordinator.swift */ = {isa = PBXFileReference; lastKnownFileType = sourcecode.swift; path = AppCoordinator.swift; sourceTree = "<group>"; };
		CBF3CE631FF2385C00F4B6C0 /* CoreCoordinator.swift */ = {isa = PBXFileReference; lastKnownFileType = sourcecode.swift; path = CoreCoordinator.swift; sourceTree = "<group>"; };
		CBF3CE651FF23A4300F4B6C0 /* DataUpdateCoordinator.swift */ = {isa = PBXFileReference; lastKnownFileType = sourcecode.swift; path = DataUpdateCoordinator.swift; sourceTree = "<group>"; };
		CBF3CE671FF23E9700F4B6C0 /* EditItemCoordinator.swift */ = {isa = PBXFileReference; lastKnownFileType = sourcecode.swift; path = EditItemCoordinator.swift; sourceTree = "<group>"; };
		CBF3CE691FF245BB00F4B6C0 /* ItemDetailsCoordinator.swift */ = {isa = PBXFileReference; lastKnownFileType = sourcecode.swift; path = ItemDetailsCoordinator.swift; sourceTree = "<group>"; };
		CBF3CE6D1FF250BD00F4B6C0 /* LibraryContentCoordinator.swift */ = {isa = PBXFileReference; lastKnownFileType = sourcecode.swift; path = LibraryContentCoordinator.swift; sourceTree = "<group>"; };
		CBF3CE6F1FF2568D00F4B6C0 /* Provider.swift */ = {isa = PBXFileReference; lastKnownFileType = sourcecode.swift; path = Provider.swift; sourceTree = "<group>"; };
		CBF3CE711FF256AC00F4B6C0 /* CellHandling.swift */ = {isa = PBXFileReference; lastKnownFileType = sourcecode.swift; path = CellHandling.swift; sourceTree = "<group>"; };
		CBF3CE771FF25AA600F4B6C0 /* MovieListSearchResultsController.swift */ = {isa = PBXFileReference; lastKnownFileType = sourcecode.swift; path = MovieListSearchResultsController.swift; sourceTree = "<group>"; };
		CBF3CE791FF2985C00F4B6C0 /* PopularMovies.storyboard */ = {isa = PBXFileReference; fileEncoding = 4; lastKnownFileType = file.storyboard; path = PopularMovies.storyboard; sourceTree = "<group>"; };
/* End PBXFileReference section */

/* Begin PBXFrameworksBuildPhase section */
		CB1A15C52061322D003BD8D0 /* Frameworks */ = {
			isa = PBXFrameworksBuildPhase;
			buildActionMask = 2147483647;
			files = (
				A8B38F2F53B47077F6B743F1 /* Pods_CinemaKit.framework in Frameworks */,
			);
			runOnlyForDeploymentPostprocessing = 0;
		};
		CBB569601EA4D6A2005F7BA7 /* Frameworks */ = {
			isa = PBXFrameworksBuildPhase;
			buildActionMask = 2147483647;
			files = (
				CB1A15D02061322D003BD8D0 /* CinemaKit.framework in Frameworks */,
				67F28248E64E29D9A77D9D8F /* Pods_iOS_Application.framework in Frameworks */,
			);
			runOnlyForDeploymentPostprocessing = 0;
		};
/* End PBXFrameworksBuildPhase section */

/* Begin PBXGroup section */
		BB3DEC8F5B7536E8785F2DD4 /* Frameworks */ = {
			isa = PBXGroup;
			children = (
				5FCC01CFBB4BB1DDCACBD358 /* Pods_CinemaKit.framework */,
				13242D2B0EF60F72BA6B29B0 /* Pods_iOS_Application.framework */,
			);
			name = Frameworks;
			sourceTree = "<group>";
		};
		CB1A15CA2061322D003BD8D0 /* CinemaKit */ = {
			isa = PBXGroup;
			children = (
				CB1A16CF20615996003BD8D0 /* Assets */,
				CB1A16CE2061598F003BD8D0 /* Sources */,
			);
			path = CinemaKit;
			sourceTree = "<group>";
		};
		CB1A16CE2061598F003BD8D0 /* Sources */ = {
			isa = PBXGroup;
			children = (
				CBED94151F6BF64800FA4045 /* Library */,
				CBED94141F6BF63500FA4045 /* MovieDb */,
				CBED94161F6BF66200FA4045 /* Maintenance */,
				816BF1736861B92F3C805B3D /* MulticastDelegate.swift */,
			);
			path = Sources;
			sourceTree = "<group>";
		};
		CB1A16CF20615996003BD8D0 /* Assets */ = {
			isa = PBXGroup;
			children = (
				CB1A15CB2061322D003BD8D0 /* CinemaKit.h */,
				CB1A15CC2061322D003BD8D0 /* Info.plist */,
			);
			path = Assets;
			sourceTree = "<group>";
		};
		CB1A16D2206159CA003BD8D0 /* Sources */ = {
			isa = PBXGroup;
			children = (
				CBF3CE5E1FF2364000F4B6C0 /* Coordinator */,
				CBED94321F6BFB9900FA4045 /* Controller */,
				CBED94251F6BF70900FA4045 /* View */,
				816BFC4887FE2604E5FB8233 /* Utils.swift */,
				CBEA633E1FF3932E00830377 /* L10n.swift */,
			);
			path = Sources;
			sourceTree = "<group>";
		};
		CB1A16D3206159D1003BD8D0 /* Assets */ = {
			isa = PBXGroup;
			children = (
				CBB569741EA4D6A2005F7BA7 /* Info.plist */,
				CBB5696F1EA4D6A2005F7BA7 /* Assets.xcassets */,
				CB9484C31EFA643500D9651E /* Localizable.strings */,
				CB0F41321F5C526B00095350 /* Localizable.stringsdict */,
				CB84B18B1FEAF5E500B455D4 /* SortPrefixes.plist */,
			);
			path = Assets;
			sourceTree = "<group>";
		};
		CB370C1D1FFCFCCE0034BB2F /* Pages */ = {
			isa = PBXGroup;
			children = (
				816BF0249B9FE92FDCAF65C0 /* GenericPages.swift */,
			);
			path = Pages;
			sourceTree = "<group>";
		};
		CB4ED0042062387900B33EB8 /* Application */ = {
			isa = PBXGroup;
			children = (
				CB1A16D3206159D1003BD8D0 /* Assets */,
				CB1A16D2206159CA003BD8D0 /* Sources */,
			);
			path = Application;
			sourceTree = "<group>";
		};
		CB65D7A71F8A102400457386 /* Action Sheet */ = {
			isa = PBXGroup;
			children = (
				CB65D7A81F8A103000457386 /* TabularSheetController.swift */,
				CB65D7A91F8A103000457386 /* ArrayTableController.swift */,
				CB65D7AA1F8A103000457386 /* DimmingPresentationController.swift */,
				816BFD50F2821EF263C13B48 /* SelectableLabelSheet.swift */,
			);
			path = "Action Sheet";
			sourceTree = "<group>";
		};
		CBB5695A1EA4D6A2005F7BA7 = {
			isa = PBXGroup;
			children = (
				CB1A15CA2061322D003BD8D0 /* CinemaKit */,
				CBB569651EA4D6A2005F7BA7 /* iOS */,
				CBB569641EA4D6A2005F7BA7 /* Products */,
				FB7CAFF76B10EAD1B2F2CE71 /* Pods */,
				BB3DEC8F5B7536E8785F2DD4 /* Frameworks */,
			);
			sourceTree = "<group>";
		};
		CBB569641EA4D6A2005F7BA7 /* Products */ = {
			isa = PBXGroup;
			children = (
				CBB569631EA4D6A2005F7BA7 /* iOS Application.app */,
				CB1A15C92061322D003BD8D0 /* CinemaKit.framework */,
			);
			name = Products;
			sourceTree = "<group>";
		};
		CBB569651EA4D6A2005F7BA7 /* iOS */ = {
			isa = PBXGroup;
			children = (
				CB4ED0042062387900B33EB8 /* Application */,
			);
			path = iOS;
			sourceTree = "<group>";
		};
		CBED94141F6BF63500FA4045 /* MovieDb */ = {
			isa = PBXGroup;
			children = (
				816BF2612290416EB1BFCA59 /* MovieDbClient.swift */,
				816BF09753AED0716E1BBC94 /* TMDBSwiftCache.swift */,
				816BFC9CFD7B36183A006B9A /* TMDBSwiftWrapper.swift */,
			);
			path = MovieDb;
			sourceTree = "<group>";
		};
		CBED94151F6BF64800FA4045 /* Library */ = {
			isa = PBXGroup;
			children = (
				CBB5697C1EA4D6C3005F7BA7 /* MediaLibrary.swift */,
				CBB5697B1EA4D6C3005F7BA7 /* MediaItem.swift */,
				816BFA309BDAC4DB9673DA9D /* FileBasedMediaLibrary.swift */,
				816BFE92A74C1A209F3908F4 /* DataFormat.swift */,
				816BFF4C36540A18EF3BBC17 /* KeyedArchivalFormat.swift */,
				816BFB35827AAE8FBEE17E66 /* JSONFormat.swift */,
			);
			path = Library;
			sourceTree = "<group>";
		};
		CBED94161F6BF66200FA4045 /* Maintenance */ = {
			isa = PBXGroup;
			children = (
				816BF53F9A8AEE41E204E3FF /* MaintenanceAction.swift */,
				816BF3DA62E7CFD210E5592E /* PropertyUpdateAction.swift */,
				816BF6485AE62C9C4E2E63B2 /* MediaItemUpdates.swift */,
				816BF176EC09E4DC465BD019 /* ImportAction.swift */,
				816BF18B4CBACCFADEB126E2 /* ImportAndUpdateAction.swift */,
				816BF6C6293365477C98D5A4 /* Updates.swift */,
			);
			path = Maintenance;
			sourceTree = "<group>";
		};
		CBED94251F6BF70900FA4045 /* View */ = {
			isa = PBXGroup;
			children = (
				CBB569711EA4D6A2005F7BA7 /* LaunchScreen.storyboard */,
				CBB5696C1EA4D6A2005F7BA7 /* MovieList.storyboard */,
				CBAE5E891F3493EA0055366F /* SearchTmdb.storyboard */,
				CBAE5E841F3486EA0055366F /* EditItem.storyboard */,
				CBEA63441FF3954700830377 /* GenreList.storyboard */,
				CBF3CE791FF2985C00F4B6C0 /* PopularMovies.storyboard */,
				CB370C1B1FFCFC710034BB2F /* GenericPages.storyboard */,
				816BFD2D067C0F79106D9254 /* GenericEmptyView.swift */,
				CB65D7AE1F8A131F00457386 /* SelectableLabelCell.xib */,
				CBF3CE6F1FF2568D00F4B6C0 /* Provider.swift */,
				CBF3CE711FF256AC00F4B6C0 /* CellHandling.swift */,
				CBEA63471FF3958A00830377 /* ScrimView.swift */,
			);
			path = View;
			sourceTree = "<group>";
		};
		CBED94321F6BFB9900FA4045 /* Controller */ = {
			isa = PBXGroup;
			children = (
				CB65D7A71F8A102400457386 /* Action Sheet */,
				CB370C1D1FFCFCCE0034BB2F /* Pages */,
				CBED941F1F6BF6C200FA4045 /* MovieListController.swift */,
				CBED94241F6BF6C200FA4045 /* SectionSortingStrategy.swift */,
				CBED94231F6BF6C200FA4045 /* SortDescriptor.swift */,
				CBF3CE771FF25AA600F4B6C0 /* MovieListSearchResultsController.swift */,
				CBED941B1F6BF6C200FA4045 /* ItemDetailsController.swift */,
				CBED941C1F6BF6C200FA4045 /* EditItemController.swift */,
				CBEA63401FF3952300830377 /* GenreListController.swift */,
				CBED94211F6BF6C200FA4045 /* SearchTmdbSearchResultsController.swift */,
				CBED94221F6BF6C200FA4045 /* SearchTmdbController.swift */,
				CBED94201F6BF6C200FA4045 /* PopularMoviesViewController.swift */,
				CBED941A1F6BF6C200FA4045 /* LibraryUpdateController.swift */,
			);
			path = Controller;
			sourceTree = "<group>";
		};
		CBF3CE5E1FF2364000F4B6C0 /* Coordinator */ = {
			isa = PBXGroup;
			children = (
				CBF3CE5F1FF2366700F4B6C0 /* Coordinator.swift */,
				CB4C40641FF2C65A00A6C32B /* AppDependencies.swift */,
				CBB569661EA4D6A2005F7BA7 /* AppDelegate.swift */,
				CBF3CE611FF2369B00F4B6C0 /* AppCoordinator.swift */,
				CBF3CE631FF2385C00F4B6C0 /* CoreCoordinator.swift */,
				CBF3CE651FF23A4300F4B6C0 /* DataUpdateCoordinator.swift */,
				CBF3CE6D1FF250BD00F4B6C0 /* LibraryContentCoordinator.swift */,
				CBF3CE691FF245BB00F4B6C0 /* ItemDetailsCoordinator.swift */,
				CBF3CE671FF23E9700F4B6C0 /* EditItemCoordinator.swift */,
				CBEA63421FF3953600830377 /* GenreListCoordinator.swift */,
				CB4C40621FF2A63F00A6C32B /* SearchTmdbCoordinator.swift */,
				CB370C1E1FFD08270034BB2F /* PageCoordinator.swift */,
				816BFC5A4FCEC7B899C4E47E /* ImportCoordinator.swift */,
			);
			path = Coordinator;
			sourceTree = "<group>";
		};
		FB7CAFF76B10EAD1B2F2CE71 /* Pods */ = {
			isa = PBXGroup;
			children = (
				84DFA87D2F17B7C5A92E65FB /* Pods-CinemaKit.debug.xcconfig */,
				C62540F445D01CD5E2C22CA4 /* Pods-CinemaKit.release.xcconfig */,
				00B2E6E2A80AF1B32174C48F /* Pods-iOS Application.debug.xcconfig */,
				62F940D580E4634B69CB1469 /* Pods-iOS Application.release.xcconfig */,
			);
			name = Pods;
			sourceTree = "<group>";
		};
/* End PBXGroup section */

/* Begin PBXHeadersBuildPhase section */
		CB1A15C62061322D003BD8D0 /* Headers */ = {
			isa = PBXHeadersBuildPhase;
			buildActionMask = 2147483647;
			files = (
				CB1A15CD2061322D003BD8D0 /* CinemaKit.h in Headers */,
			);
			runOnlyForDeploymentPostprocessing = 0;
		};
/* End PBXHeadersBuildPhase section */

/* Begin PBXNativeTarget section */
		CB1A15C82061322D003BD8D0 /* CinemaKit */ = {
			isa = PBXNativeTarget;
			buildConfigurationList = CB1A15D42061322D003BD8D0 /* Build configuration list for PBXNativeTarget "CinemaKit" */;
			buildPhases = (
				CA3E6A089ADDD4EF5D88DE98 /* [CP] Check Pods Manifest.lock */,
				CB1A15C42061322D003BD8D0 /* Sources */,
				CB1A15C52061322D003BD8D0 /* Frameworks */,
				CB1A15C62061322D003BD8D0 /* Headers */,
				CB1A15C72061322D003BD8D0 /* Resources */,
			);
			buildRules = (
			);
			dependencies = (
			);
			name = CinemaKit;
			productName = CinemaKit;
			productReference = CB1A15C92061322D003BD8D0 /* CinemaKit.framework */;
			productType = "com.apple.product-type.framework";
		};
		CBB569621EA4D6A2005F7BA7 /* iOS Application */ = {
			isa = PBXNativeTarget;
			buildConfigurationList = CBB569771EA4D6A2005F7BA7 /* Build configuration list for PBXNativeTarget "iOS Application" */;
			buildPhases = (
				1DC02FB4F74A3A4611BD9355 /* [CP] Check Pods Manifest.lock */,
				CBB5695F1EA4D6A2005F7BA7 /* Sources */,
				CBB569601EA4D6A2005F7BA7 /* Frameworks */,
				CBB569611EA4D6A2005F7BA7 /* Resources */,
				CB1A15D52061322D003BD8D0 /* Embed Frameworks */,
				E09430FDF23DCE2C491ABA2F /* [CP] Embed Pods Frameworks */,
			);
			buildRules = (
			);
			dependencies = (
				CB1A15CF2061322D003BD8D0 /* PBXTargetDependency */,
			);
			name = "iOS Application";
			productName = Cinema;
			productReference = CBB569631EA4D6A2005F7BA7 /* iOS Application.app */;
			productType = "com.apple.product-type.application";
		};
/* End PBXNativeTarget section */

/* Begin PBXProject section */
		CBB5695B1EA4D6A2005F7BA7 /* Project object */ = {
			isa = PBXProject;
			attributes = {
				LastSwiftUpdateCheck = 0930;
				LastUpgradeCheck = 0930;
				ORGANIZATIONNAME = "Martin Bauer";
				TargetAttributes = {
					CB1A15C82061322D003BD8D0 = {
						CreatedOnToolsVersion = 9.3;
						DevelopmentTeam = 77DM9DN8P3;
						ProvisioningStyle = Automatic;
					};
					CBB569621EA4D6A2005F7BA7 = {
						CreatedOnToolsVersion = 8.3;
						DevelopmentTeam = 77DM9DN8P3;
						LastSwiftMigration = 0900;
						ProvisioningStyle = Automatic;
					};
				};
			};
			buildConfigurationList = CBB5695E1EA4D6A2005F7BA7 /* Build configuration list for PBXProject "Cinema" */;
			compatibilityVersion = "Xcode 3.2";
			developmentRegion = English;
			hasScannedForEncodings = 0;
			knownRegions = (
				en,
				Base,
				de,
			);
			mainGroup = CBB5695A1EA4D6A2005F7BA7;
			productRefGroup = CBB569641EA4D6A2005F7BA7 /* Products */;
			projectDirPath = "";
			projectRoot = "";
			targets = (
				CB1A15C82061322D003BD8D0 /* CinemaKit */,
				CBB569621EA4D6A2005F7BA7 /* iOS Application */,
			);
		};
/* End PBXProject section */

/* Begin PBXResourcesBuildPhase section */
		CB1A15C72061322D003BD8D0 /* Resources */ = {
			isa = PBXResourcesBuildPhase;
			buildActionMask = 2147483647;
			files = (
			);
			runOnlyForDeploymentPostprocessing = 0;
		};
		CBB569611EA4D6A2005F7BA7 /* Resources */ = {
			isa = PBXResourcesBuildPhase;
			buildActionMask = 2147483647;
			files = (
				CBB569731EA4D6A2005F7BA7 /* LaunchScreen.storyboard in Resources */,
				CB0F41301F5C526B00095350 /* Localizable.stringsdict in Resources */,
				CBAE5E8B1F3493EA0055366F /* SearchTmdb.storyboard in Resources */,
				CB370C1C1FFCFC710034BB2F /* GenericPages.storyboard in Resources */,
				CB84B1891FEAF5E500B455D4 /* SortPrefixes.plist in Resources */,
				CB9484C11EFA643500D9651E /* Localizable.strings in Resources */,
				CBB569701EA4D6A2005F7BA7 /* Assets.xcassets in Resources */,
				CBB5696E1EA4D6A2005F7BA7 /* MovieList.storyboard in Resources */,
				CBEA63461FF3954700830377 /* GenreList.storyboard in Resources */,
				CB65D7AF1F8A131F00457386 /* SelectableLabelCell.xib in Resources */,
				CBF3CE7A1FF2985C00F4B6C0 /* PopularMovies.storyboard in Resources */,
				CBAE5E861F3486EA0055366F /* EditItem.storyboard in Resources */,
			);
			runOnlyForDeploymentPostprocessing = 0;
		};
/* End PBXResourcesBuildPhase section */

/* Begin PBXShellScriptBuildPhase section */
		1DC02FB4F74A3A4611BD9355 /* [CP] Check Pods Manifest.lock */ = {
			isa = PBXShellScriptBuildPhase;
			buildActionMask = 2147483647;
			files = (
			);
			inputPaths = (
				"${PODS_PODFILE_DIR_PATH}/Podfile.lock",
				"${PODS_ROOT}/Manifest.lock",
			);
			name = "[CP] Check Pods Manifest.lock";
			outputPaths = (
				"$(DERIVED_FILE_DIR)/Pods-iOS Application-checkManifestLockResult.txt",
			);
			runOnlyForDeploymentPostprocessing = 0;
			shellPath = /bin/sh;
			shellScript = "diff \"${PODS_PODFILE_DIR_PATH}/Podfile.lock\" \"${PODS_ROOT}/Manifest.lock\" > /dev/null\nif [ $? != 0 ] ; then\n    # print error to STDERR\n    echo \"error: The sandbox is not in sync with the Podfile.lock. Run 'pod install' or update your CocoaPods installation.\" >&2\n    exit 1\nfi\n# This output is used by Xcode 'outputs' to avoid re-running this script phase.\necho \"SUCCESS\" > \"${SCRIPT_OUTPUT_FILE_0}\"\n";
			showEnvVarsInLog = 0;
		};
		CA3E6A089ADDD4EF5D88DE98 /* [CP] Check Pods Manifest.lock */ = {
			isa = PBXShellScriptBuildPhase;
			buildActionMask = 2147483647;
			files = (
			);
			inputPaths = (
				"${PODS_PODFILE_DIR_PATH}/Podfile.lock",
				"${PODS_ROOT}/Manifest.lock",
			);
			name = "[CP] Check Pods Manifest.lock";
			outputPaths = (
				"$(DERIVED_FILE_DIR)/Pods-CinemaKit-checkManifestLockResult.txt",
			);
			runOnlyForDeploymentPostprocessing = 0;
			shellPath = /bin/sh;
			shellScript = "diff \"${PODS_PODFILE_DIR_PATH}/Podfile.lock\" \"${PODS_ROOT}/Manifest.lock\" > /dev/null\nif [ $? != 0 ] ; then\n    # print error to STDERR\n    echo \"error: The sandbox is not in sync with the Podfile.lock. Run 'pod install' or update your CocoaPods installation.\" >&2\n    exit 1\nfi\n# This output is used by Xcode 'outputs' to avoid re-running this script phase.\necho \"SUCCESS\" > \"${SCRIPT_OUTPUT_FILE_0}\"\n";
			showEnvVarsInLog = 0;
		};
		E09430FDF23DCE2C491ABA2F /* [CP] Embed Pods Frameworks */ = {
			isa = PBXShellScriptBuildPhase;
			buildActionMask = 2147483647;
			files = (
			);
			inputPaths = (
				"${SRCROOT}/Pods/Target Support Files/Pods-iOS Application/Pods-iOS Application-frameworks.sh",
				"${BUILT_PRODUCTS_DIR}/Cache/Cache.framework",
				"${BUILT_PRODUCTS_DIR}/SwiftyJSON/SwiftyJSON.framework",
				"${BUILT_PRODUCTS_DIR}/TMDBSwift/TMDBSwift.framework",
			);
			name = "[CP] Embed Pods Frameworks";
			outputPaths = (
				"${TARGET_BUILD_DIR}/${FRAMEWORKS_FOLDER_PATH}/Cache.framework",
				"${TARGET_BUILD_DIR}/${FRAMEWORKS_FOLDER_PATH}/SwiftyJSON.framework",
				"${TARGET_BUILD_DIR}/${FRAMEWORKS_FOLDER_PATH}/TMDBSwift.framework",
			);
			runOnlyForDeploymentPostprocessing = 0;
			shellPath = /bin/sh;
			shellScript = "\"${SRCROOT}/Pods/Target Support Files/Pods-iOS Application/Pods-iOS Application-frameworks.sh\"\n";
			showEnvVarsInLog = 0;
		};
/* End PBXShellScriptBuildPhase section */

/* Begin PBXSourcesBuildPhase section */
		CB1A15C42061322D003BD8D0 /* Sources */ = {
			isa = PBXSourcesBuildPhase;
			buildActionMask = 2147483647;
			files = (
				CB1A15D720613478003BD8D0 /* MediaLibrary.swift in Sources */,
				CB1A15DC20613478003BD8D0 /* JSONFormat.swift in Sources */,
				CB1A15E420613483003BD8D0 /* ImportAndUpdateAction.swift in Sources */,
				CB1A15E320613483003BD8D0 /* ImportAction.swift in Sources */,
				CB1A15DB20613478003BD8D0 /* KeyedArchivalFormat.swift in Sources */,
				CB1A15DD2061347E003BD8D0 /* MovieDbClient.swift in Sources */,
				CB1A15DE2061347E003BD8D0 /* TMDBSwiftCache.swift in Sources */,
				CB1A15D62061326A003BD8D0 /* MulticastDelegate.swift in Sources */,
				CB1A15DA20613478003BD8D0 /* DataFormat.swift in Sources */,
				CB1A15E220613483003BD8D0 /* MediaItemUpdates.swift in Sources */,
				CB1A15D920613478003BD8D0 /* FileBasedMediaLibrary.swift in Sources */,
				CB1A15E020613483003BD8D0 /* MaintenanceAction.swift in Sources */,
				CB1A15DF2061347E003BD8D0 /* TMDBSwiftWrapper.swift in Sources */,
				CB1A15D820613478003BD8D0 /* MediaItem.swift in Sources */,
				CB1A15E120613483003BD8D0 /* PropertyUpdateAction.swift in Sources */,
				816BF0BC88B832640E011066 /* Updates.swift in Sources */,
			);
			runOnlyForDeploymentPostprocessing = 0;
		};
		CBB5695F1EA4D6A2005F7BA7 /* Sources */ = {
			isa = PBXSourcesBuildPhase;
			buildActionMask = 2147483647;
			files = (
				CBEA633F1FF3932E00830377 /* L10n.swift in Sources */,
				CB65D7AC1F8A108200457386 /* DimmingPresentationController.swift in Sources */,
				CBED942B1F6BFB0E00FA4045 /* MovieListController.swift in Sources */,
				CBB569671EA4D6A2005F7BA7 /* AppDelegate.swift in Sources */,
				CBEA63431FF3953600830377 /* GenreListCoordinator.swift in Sources */,
				816BF40FCCC10885A4DACB13 /* Utils.swift in Sources */,
				CBF3CE6A1FF245BB00F4B6C0 /* ItemDetailsCoordinator.swift in Sources */,
				CBF3CE601FF2366700F4B6C0 /* Coordinator.swift in Sources */,
				CBED942D1F6BFB0E00FA4045 /* EditItemController.swift in Sources */,
				CBED94301F6BFB0E00FA4045 /* ItemDetailsController.swift in Sources */,
				CB65D7AB1F8A107F00457386 /* TabularSheetController.swift in Sources */,
				CBEA63481FF3958A00830377 /* ScrimView.swift in Sources */,
				CBED942E1F6BFB0E00FA4045 /* SectionSortingStrategy.swift in Sources */,
				CBED94271F6BF80E00FA4045 /* PopularMoviesViewController.swift in Sources */,
				CBF3CE721FF256AC00F4B6C0 /* CellHandling.swift in Sources */,
				CBF3CE781FF25AA600F4B6C0 /* MovieListSearchResultsController.swift in Sources */,
				CBED942A1F6BF80E00FA4045 /* LibraryUpdateController.swift in Sources */,
				CBF3CE6E1FF250BD00F4B6C0 /* LibraryContentCoordinator.swift in Sources */,
				CBED94281F6BF80E00FA4045 /* SearchTmdbSearchResultsController.swift in Sources */,
				CBED942C1F6BFB0E00FA4045 /* SortDescriptor.swift in Sources */,
				CB370C1F1FFD08270034BB2F /* PageCoordinator.swift in Sources */,
				CBF3CE641FF2385C00F4B6C0 /* CoreCoordinator.swift in Sources */,
				CBF3CE621FF2369B00F4B6C0 /* AppCoordinator.swift in Sources */,
				CBEA63411FF3952300830377 /* GenreListController.swift in Sources */,
				CB4C40651FF2C65A00A6C32B /* AppDependencies.swift in Sources */,
				CBED94291F6BF80E00FA4045 /* SearchTmdbController.swift in Sources */,
				CB4C40631FF2A63F00A6C32B /* SearchTmdbCoordinator.swift in Sources */,
				CBF3CE681FF23E9700F4B6C0 /* EditItemCoordinator.swift in Sources */,
				CBF3CE701FF2568D00F4B6C0 /* Provider.swift in Sources */,
				CB65D7AD1F8A108A00457386 /* ArrayTableController.swift in Sources */,
				CBF3CE661FF23A4300F4B6C0 /* DataUpdateCoordinator.swift in Sources */,
				816BFC18F7DB44F8FF6B6838 /* SelectableLabelSheet.swift in Sources */,
				816BF68AD5183E9A65E57593 /* GenericEmptyView.swift in Sources */,
				816BF43A7593960F660A23B7 /* GenericPages.swift in Sources */,
				816BFCFFC63B3745C2399F75 /* ImportCoordinator.swift in Sources */,
			);
			runOnlyForDeploymentPostprocessing = 0;
		};
/* End PBXSourcesBuildPhase section */

/* Begin PBXTargetDependency section */
		CB1A15CF2061322D003BD8D0 /* PBXTargetDependency */ = {
			isa = PBXTargetDependency;
			target = CB1A15C82061322D003BD8D0 /* CinemaKit */;
			targetProxy = CB1A15CE2061322D003BD8D0 /* PBXContainerItemProxy */;
		};
/* End PBXTargetDependency section */

/* Begin PBXVariantGroup section */
		CB0F41321F5C526B00095350 /* Localizable.stringsdict */ = {
			isa = PBXVariantGroup;
			children = (
				CB0F41311F5C526B00095350 /* Base */,
				CB0F41331F5C526D00095350 /* de */,
			);
			name = Localizable.stringsdict;
			sourceTree = "<group>";
		};
		CB84B18B1FEAF5E500B455D4 /* SortPrefixes.plist */ = {
			isa = PBXVariantGroup;
			children = (
				CB84B18A1FEAF5E500B455D4 /* Base */,
			);
			name = SortPrefixes.plist;
			sourceTree = "<group>";
		};
		CB9484C31EFA643500D9651E /* Localizable.strings */ = {
			isa = PBXVariantGroup;
			children = (
				CB9484C21EFA643500D9651E /* Base */,
				CB9484C61EFA691100D9651E /* de */,
			);
			name = Localizable.strings;
			sourceTree = "<group>";
		};
		CBAE5E841F3486EA0055366F /* EditItem.storyboard */ = {
			isa = PBXVariantGroup;
			children = (
				CBAE5E851F3486EA0055366F /* Base */,
			);
			name = EditItem.storyboard;
			sourceTree = "<group>";
		};
		CBAE5E891F3493EA0055366F /* SearchTmdb.storyboard */ = {
			isa = PBXVariantGroup;
			children = (
				CBAE5E8A1F3493EA0055366F /* Base */,
			);
			name = SearchTmdb.storyboard;
			sourceTree = "<group>";
		};
		CBB5696C1EA4D6A2005F7BA7 /* MovieList.storyboard */ = {
			isa = PBXVariantGroup;
			children = (
				CBB5696D1EA4D6A2005F7BA7 /* Base */,
			);
			name = MovieList.storyboard;
			sourceTree = "<group>";
		};
		CBB569711EA4D6A2005F7BA7 /* LaunchScreen.storyboard */ = {
			isa = PBXVariantGroup;
			children = (
				CBB569721EA4D6A2005F7BA7 /* Base */,
			);
			name = LaunchScreen.storyboard;
			sourceTree = "<group>";
		};
		CBEA63441FF3954700830377 /* GenreList.storyboard */ = {
			isa = PBXVariantGroup;
			children = (
				CBEA63451FF3954700830377 /* Base */,
			);
			name = GenreList.storyboard;
			sourceTree = "<group>";
		};
/* End PBXVariantGroup section */

/* Begin XCBuildConfiguration section */
		CB1A15D22061322D003BD8D0 /* Debug */ = {
			isa = XCBuildConfiguration;
			baseConfigurationReference = 84DFA87D2F17B7C5A92E65FB /* Pods-CinemaKit.debug.xcconfig */;
			buildSettings = {
				ALWAYS_EMBED_SWIFT_STANDARD_LIBRARIES = YES;
				CLANG_CXX_LANGUAGE_STANDARD = "gnu++14";
				CLANG_ENABLE_OBJC_WEAK = YES;
				CLANG_WARN_DEPRECATED_OBJC_IMPLEMENTATIONS = YES;
				CLANG_WARN_OBJC_IMPLICIT_RETAIN_SELF = YES;
				CLANG_WARN_UNGUARDED_AVAILABILITY = YES_AGGRESSIVE;
				CODE_SIGN_IDENTITY = "";
				CODE_SIGN_STYLE = Automatic;
				CURRENT_PROJECT_VERSION = 1;
				DEFINES_MODULE = YES;
				DEVELOPMENT_TEAM = 77DM9DN8P3;
				DYLIB_COMPATIBILITY_VERSION = 1;
				DYLIB_CURRENT_VERSION = 1;
				DYLIB_INSTALL_NAME_BASE = "@rpath";
				GCC_C_LANGUAGE_STANDARD = gnu11;
				INFOPLIST_FILE = "$(SRCROOT)/CinemaKit/Assets/Info.plist";
				INSTALL_PATH = "$(LOCAL_LIBRARY_DIR)/Frameworks";
				IPHONEOS_DEPLOYMENT_TARGET = 11.0;
				LD_RUNPATH_SEARCH_PATHS = "$(inherited) @executable_path/Frameworks @loader_path/Frameworks";
				PRODUCT_BUNDLE_IDENTIFIER = martinbauer.CinemaKit;
				PRODUCT_NAME = "$(TARGET_NAME:c99extidentifier)";
				SKIP_INSTALL = YES;
				SWIFT_VERSION = 4.0;
				TARGETED_DEVICE_FAMILY = "1,2";
				VERSIONING_SYSTEM = "apple-generic";
				VERSION_INFO_PREFIX = "";
			};
			name = Debug;
		};
		CB1A15D32061322D003BD8D0 /* Release */ = {
			isa = XCBuildConfiguration;
			baseConfigurationReference = C62540F445D01CD5E2C22CA4 /* Pods-CinemaKit.release.xcconfig */;
			buildSettings = {
				ALWAYS_EMBED_SWIFT_STANDARD_LIBRARIES = YES;
				CLANG_CXX_LANGUAGE_STANDARD = "gnu++14";
				CLANG_ENABLE_OBJC_WEAK = YES;
				CLANG_WARN_DEPRECATED_OBJC_IMPLEMENTATIONS = YES;
				CLANG_WARN_OBJC_IMPLICIT_RETAIN_SELF = YES;
				CLANG_WARN_UNGUARDED_AVAILABILITY = YES_AGGRESSIVE;
				CODE_SIGN_IDENTITY = "";
				CODE_SIGN_STYLE = Automatic;
				CURRENT_PROJECT_VERSION = 1;
				DEFINES_MODULE = YES;
				DEVELOPMENT_TEAM = 77DM9DN8P3;
				DYLIB_COMPATIBILITY_VERSION = 1;
				DYLIB_CURRENT_VERSION = 1;
				DYLIB_INSTALL_NAME_BASE = "@rpath";
				GCC_C_LANGUAGE_STANDARD = gnu11;
				INFOPLIST_FILE = "$(SRCROOT)/CinemaKit/Assets/Info.plist";
				INSTALL_PATH = "$(LOCAL_LIBRARY_DIR)/Frameworks";
				IPHONEOS_DEPLOYMENT_TARGET = 11.0;
				LD_RUNPATH_SEARCH_PATHS = "$(inherited) @executable_path/Frameworks @loader_path/Frameworks";
				PRODUCT_BUNDLE_IDENTIFIER = martinbauer.CinemaKit;
				PRODUCT_NAME = "$(TARGET_NAME:c99extidentifier)";
				SKIP_INSTALL = YES;
				SWIFT_VERSION = 4.0;
				TARGETED_DEVICE_FAMILY = "1,2";
				VERSIONING_SYSTEM = "apple-generic";
				VERSION_INFO_PREFIX = "";
			};
			name = Release;
		};
		CBB569751EA4D6A2005F7BA7 /* Debug */ = {
			isa = XCBuildConfiguration;
			buildSettings = {
				ALWAYS_SEARCH_USER_PATHS = NO;
				CLANG_ANALYZER_LOCALIZABILITY_NONLOCALIZED = YES;
				CLANG_ANALYZER_NONNULL = YES;
				CLANG_ANALYZER_NUMBER_OBJECT_CONVERSION = YES_AGGRESSIVE;
				CLANG_CXX_LANGUAGE_STANDARD = "gnu++0x";
				CLANG_CXX_LIBRARY = "libc++";
				CLANG_ENABLE_MODULES = YES;
				CLANG_ENABLE_OBJC_ARC = YES;
				CLANG_WARN_BLOCK_CAPTURE_AUTORELEASING = YES;
				CLANG_WARN_BOOL_CONVERSION = YES;
				CLANG_WARN_COMMA = YES;
				CLANG_WARN_CONSTANT_CONVERSION = YES;
				CLANG_WARN_DEPRECATED_OBJC_IMPLEMENTATIONS = YES;
				CLANG_WARN_DIRECT_OBJC_ISA_USAGE = YES_ERROR;
				CLANG_WARN_DOCUMENTATION_COMMENTS = YES;
				CLANG_WARN_EMPTY_BODY = YES;
				CLANG_WARN_ENUM_CONVERSION = YES;
				CLANG_WARN_INFINITE_RECURSION = YES;
				CLANG_WARN_INT_CONVERSION = YES;
				CLANG_WARN_NON_LITERAL_NULL_CONVERSION = YES;
				CLANG_WARN_OBJC_IMPLICIT_RETAIN_SELF = YES;
				CLANG_WARN_OBJC_LITERAL_CONVERSION = YES;
				CLANG_WARN_OBJC_ROOT_CLASS = YES_ERROR;
				CLANG_WARN_RANGE_LOOP_ANALYSIS = YES;
				CLANG_WARN_STRICT_PROTOTYPES = YES;
				CLANG_WARN_SUSPICIOUS_MOVE = YES;
				CLANG_WARN_UNREACHABLE_CODE = YES;
				CLANG_WARN__DUPLICATE_METHOD_MATCH = YES;
				"CODE_SIGN_IDENTITY[sdk=iphoneos*]" = "iPhone Developer";
				COPY_PHASE_STRIP = NO;
				DEBUG_INFORMATION_FORMAT = dwarf;
				ENABLE_STRICT_OBJC_MSGSEND = YES;
				ENABLE_TESTABILITY = YES;
				GCC_C_LANGUAGE_STANDARD = gnu99;
				GCC_DYNAMIC_NO_PIC = NO;
				GCC_NO_COMMON_BLOCKS = YES;
				GCC_OPTIMIZATION_LEVEL = 0;
				GCC_PREPROCESSOR_DEFINITIONS = (
					"DEBUG=1",
					"$(inherited)",
				);
				GCC_WARN_64_TO_32_BIT_CONVERSION = YES;
				GCC_WARN_ABOUT_RETURN_TYPE = YES_ERROR;
				GCC_WARN_UNDECLARED_SELECTOR = YES;
				GCC_WARN_UNINITIALIZED_AUTOS = YES_AGGRESSIVE;
				GCC_WARN_UNUSED_FUNCTION = YES;
				GCC_WARN_UNUSED_VARIABLE = YES;
				IPHONEOS_DEPLOYMENT_TARGET = 10.0;
				MTL_ENABLE_DEBUG_INFO = YES;
				ONLY_ACTIVE_ARCH = YES;
				SDKROOT = iphoneos;
				SWIFT_ACTIVE_COMPILATION_CONDITIONS = DEBUG;
				SWIFT_OPTIMIZATION_LEVEL = "-Onone";
				TARGETED_DEVICE_FAMILY = "1,2";
			};
			name = Debug;
		};
		CBB569761EA4D6A2005F7BA7 /* Release */ = {
			isa = XCBuildConfiguration;
			buildSettings = {
				ALWAYS_SEARCH_USER_PATHS = NO;
				CLANG_ANALYZER_LOCALIZABILITY_NONLOCALIZED = YES;
				CLANG_ANALYZER_NONNULL = YES;
				CLANG_ANALYZER_NUMBER_OBJECT_CONVERSION = YES_AGGRESSIVE;
				CLANG_CXX_LANGUAGE_STANDARD = "gnu++0x";
				CLANG_CXX_LIBRARY = "libc++";
				CLANG_ENABLE_MODULES = YES;
				CLANG_ENABLE_OBJC_ARC = YES;
				CLANG_WARN_BLOCK_CAPTURE_AUTORELEASING = YES;
				CLANG_WARN_BOOL_CONVERSION = YES;
				CLANG_WARN_COMMA = YES;
				CLANG_WARN_CONSTANT_CONVERSION = YES;
				CLANG_WARN_DEPRECATED_OBJC_IMPLEMENTATIONS = YES;
				CLANG_WARN_DIRECT_OBJC_ISA_USAGE = YES_ERROR;
				CLANG_WARN_DOCUMENTATION_COMMENTS = YES;
				CLANG_WARN_EMPTY_BODY = YES;
				CLANG_WARN_ENUM_CONVERSION = YES;
				CLANG_WARN_INFINITE_RECURSION = YES;
				CLANG_WARN_INT_CONVERSION = YES;
				CLANG_WARN_NON_LITERAL_NULL_CONVERSION = YES;
				CLANG_WARN_OBJC_IMPLICIT_RETAIN_SELF = YES;
				CLANG_WARN_OBJC_LITERAL_CONVERSION = YES;
				CLANG_WARN_OBJC_ROOT_CLASS = YES_ERROR;
				CLANG_WARN_RANGE_LOOP_ANALYSIS = YES;
				CLANG_WARN_STRICT_PROTOTYPES = YES;
				CLANG_WARN_SUSPICIOUS_MOVE = YES;
				CLANG_WARN_UNREACHABLE_CODE = YES;
				CLANG_WARN__DUPLICATE_METHOD_MATCH = YES;
				"CODE_SIGN_IDENTITY[sdk=iphoneos*]" = "iPhone Developer";
				COPY_PHASE_STRIP = NO;
				DEBUG_INFORMATION_FORMAT = "dwarf-with-dsym";
				ENABLE_NS_ASSERTIONS = NO;
				ENABLE_STRICT_OBJC_MSGSEND = YES;
				GCC_C_LANGUAGE_STANDARD = gnu99;
				GCC_NO_COMMON_BLOCKS = YES;
				GCC_WARN_64_TO_32_BIT_CONVERSION = YES;
				GCC_WARN_ABOUT_RETURN_TYPE = YES_ERROR;
				GCC_WARN_UNDECLARED_SELECTOR = YES;
				GCC_WARN_UNINITIALIZED_AUTOS = YES_AGGRESSIVE;
				GCC_WARN_UNUSED_FUNCTION = YES;
				GCC_WARN_UNUSED_VARIABLE = YES;
				IPHONEOS_DEPLOYMENT_TARGET = 10.0;
				MTL_ENABLE_DEBUG_INFO = NO;
				SDKROOT = iphoneos;
				SWIFT_OPTIMIZATION_LEVEL = "-Owholemodule";
				TARGETED_DEVICE_FAMILY = "1,2";
				VALIDATE_PRODUCT = YES;
			};
			name = Release;
		};
		CBB569781EA4D6A2005F7BA7 /* Debug */ = {
			isa = XCBuildConfiguration;
			baseConfigurationReference = 00B2E6E2A80AF1B32174C48F /* Pods-iOS Application.debug.xcconfig */;
			buildSettings = {
				ALWAYS_EMBED_SWIFT_STANDARD_LIBRARIES = "$(inherited)";
				ASSETCATALOG_COMPILER_APPICON_NAME = AppIcon;
				CODE_SIGN_IDENTITY = "iPhone Developer";
				DEVELOPMENT_TEAM = 77DM9DN8P3;
				INFOPLIST_FILE = "$(SRCROOT)/iOS/Application/Assets/Info.plist";
				IPHONEOS_DEPLOYMENT_TARGET = 11.0;
				LD_RUNPATH_SEARCH_PATHS = "$(inherited) @executable_path/Frameworks";
				PRODUCT_BUNDLE_IDENTIFIER = de.martinbauer.cinema;
				PRODUCT_NAME = "$(TARGET_NAME)";
				SWIFT_SWIFT3_OBJC_INFERENCE = Default;
				SWIFT_VERSION = 4.0;
				TARGETED_DEVICE_FAMILY = 1;
			};
			name = Debug;
		};
		CBB569791EA4D6A2005F7BA7 /* Release */ = {
			isa = XCBuildConfiguration;
			baseConfigurationReference = 62F940D580E4634B69CB1469 /* Pods-iOS Application.release.xcconfig */;
			buildSettings = {
				ALWAYS_EMBED_SWIFT_STANDARD_LIBRARIES = "$(inherited)";
				ASSETCATALOG_COMPILER_APPICON_NAME = AppIcon;
				CODE_SIGN_IDENTITY = "iPhone Developer";
				DEVELOPMENT_TEAM = 77DM9DN8P3;
				INFOPLIST_FILE = "$(SRCROOT)/iOS/Application/Assets/Info.plist";
				IPHONEOS_DEPLOYMENT_TARGET = 11.0;
				LD_RUNPATH_SEARCH_PATHS = "$(inherited) @executable_path/Frameworks";
				PRODUCT_BUNDLE_IDENTIFIER = de.martinbauer.cinema;
				PRODUCT_NAME = "$(TARGET_NAME)";
				SWIFT_SWIFT3_OBJC_INFERENCE = Default;
				SWIFT_VERSION = 4.0;
				TARGETED_DEVICE_FAMILY = 1;
			};
			name = Release;
		};
/* End XCBuildConfiguration section */

/* Begin XCConfigurationList section */
		CB1A15D42061322D003BD8D0 /* Build configuration list for PBXNativeTarget "CinemaKit" */ = {
			isa = XCConfigurationList;
			buildConfigurations = (
				CB1A15D22061322D003BD8D0 /* Debug */,
				CB1A15D32061322D003BD8D0 /* Release */,
			);
			defaultConfigurationIsVisible = 0;
			defaultConfigurationName = Release;
		};
		CBB5695E1EA4D6A2005F7BA7 /* Build configuration list for PBXProject "Cinema" */ = {
			isa = XCConfigurationList;
			buildConfigurations = (
				CBB569751EA4D6A2005F7BA7 /* Debug */,
				CBB569761EA4D6A2005F7BA7 /* Release */,
			);
			defaultConfigurationIsVisible = 0;
			defaultConfigurationName = Release;
		};
		CBB569771EA4D6A2005F7BA7 /* Build configuration list for PBXNativeTarget "iOS Application" */ = {
			isa = XCConfigurationList;
			buildConfigurations = (
				CBB569781EA4D6A2005F7BA7 /* Debug */,
				CBB569791EA4D6A2005F7BA7 /* Release */,
			);
			defaultConfigurationIsVisible = 0;
			defaultConfigurationName = Release;
		};
/* End XCConfigurationList section */
	};
	rootObject = CBB5695B1EA4D6A2005F7BA7 /* Project object */;
}
