// !$*UTF8*$!
{
	archiveVersion = 1;
	classes = {
	};
	objectVersion = 46;
	objects = {

/* Begin PBXBuildFile section */
		1F99146C76873F84CA3158D6 /* Pods_Cinema.framework in Frameworks */ = {isa = PBXBuildFile; fileRef = 8C472C6855131BBE3D2F6D7B /* Pods_Cinema.framework */; };
		816BF274AE17D0FDCEB2C994 /* MaintenanceAction.swift in Sources */ = {isa = PBXBuildFile; fileRef = 816BF53F9A8AEE41E204E3FF /* MaintenanceAction.swift */; };
		816BF3E5F4BC47B998CE15A6 /* TMDBSwiftWrapper.swift in Sources */ = {isa = PBXBuildFile; fileRef = 816BFC9CFD7B36183A006B9A /* TMDBSwiftWrapper.swift */; };
		816BF40FCCC10885A4DACB13 /* Utils.swift in Sources */ = {isa = PBXBuildFile; fileRef = 816BFC4887FE2604E5FB8233 /* Utils.swift */; };
		816BF52DDE5A95DE54EE1FEF /* JSONFormat.swift in Sources */ = {isa = PBXBuildFile; fileRef = 816BFB35827AAE8FBEE17E66 /* JSONFormat.swift */; };
		816BF5794525B14475533BF1 /* TMDBSwiftCache.swift in Sources */ = {isa = PBXBuildFile; fileRef = 816BF09753AED0716E1BBC94 /* TMDBSwiftCache.swift */; };
		816BF68AD5183E9A65E57593 /* GenericEmptyView.swift in Sources */ = {isa = PBXBuildFile; fileRef = 816BFD2D067C0F79106D9254 /* GenericEmptyView.swift */; };
		816BF78402385BCBF434A807 /* FileBasedMediaLibrary.swift in Sources */ = {isa = PBXBuildFile; fileRef = 816BFA309BDAC4DB9673DA9D /* FileBasedMediaLibrary.swift */; };
		816BF7B198C9B80F6C055AF0 /* MulticastDelegate.swift in Sources */ = {isa = PBXBuildFile; fileRef = 816BF1736861B92F3C805B3D /* MulticastDelegate.swift */; };
		816BF8AD896393450AFBB602 /* ImportAction.swift in Sources */ = {isa = PBXBuildFile; fileRef = 816BF176EC09E4DC465BD019 /* ImportAction.swift */; };
		816BF9965330281626DFEB45 /* MovieDbClient.swift in Sources */ = {isa = PBXBuildFile; fileRef = 816BF2612290416EB1BFCA59 /* MovieDbClient.swift */; };
		816BFA30AFFD31F1A07CD0B6 /* KeyedArchivalFormat.swift in Sources */ = {isa = PBXBuildFile; fileRef = 816BFF4C36540A18EF3BBC17 /* KeyedArchivalFormat.swift */; };
		816BFA3ED2B1415E000BE24F /* ImportAndUpdateAction.swift in Sources */ = {isa = PBXBuildFile; fileRef = 816BF18B4CBACCFADEB126E2 /* ImportAndUpdateAction.swift */; };
		816BFABF5256F0205876AE33 /* PropertyUpdateAction.swift in Sources */ = {isa = PBXBuildFile; fileRef = 816BF3DA62E7CFD210E5592E /* PropertyUpdateAction.swift */; };
		816BFBB935AA13E3AC7F3E9F /* MediaItemUpdates.swift in Sources */ = {isa = PBXBuildFile; fileRef = 816BF6485AE62C9C4E2E63B2 /* MediaItemUpdates.swift */; };
		816BFC18F7DB44F8FF6B6838 /* SelectableLabelSheet.swift in Sources */ = {isa = PBXBuildFile; fileRef = 816BFD50F2821EF263C13B48 /* SelectableLabelSheet.swift */; };
		816BFFC1026534FCA7432523 /* DataFormat.swift in Sources */ = {isa = PBXBuildFile; fileRef = 816BFE92A74C1A209F3908F4 /* DataFormat.swift */; };
		CB096BB81F16B18200FBFD78 /* Config.swift in Sources */ = {isa = PBXBuildFile; fileRef = 816BFADE97383610973677D9 /* Config.swift */; };
		CB0F41301F5C526B00095350 /* Localizable.stringsdict in Resources */ = {isa = PBXBuildFile; fileRef = CB0F41321F5C526B00095350 /* Localizable.stringsdict */; };
		CB1A7B1E1F5C07B60091F993 /* Maintenance.storyboard in Resources */ = {isa = PBXBuildFile; fileRef = CB1A7B201F5C07B60091F993 /* Maintenance.storyboard */; };
		CB65D7AB1F8A107F00457386 /* TabularSheetController.swift in Sources */ = {isa = PBXBuildFile; fileRef = CB65D7A81F8A103000457386 /* TabularSheetController.swift */; };
		CB65D7AC1F8A108200457386 /* DimmingPresentationController.swift in Sources */ = {isa = PBXBuildFile; fileRef = CB65D7AA1F8A103000457386 /* DimmingPresentationController.swift */; };
		CB65D7AD1F8A108A00457386 /* ArrayTableController.swift in Sources */ = {isa = PBXBuildFile; fileRef = CB65D7A91F8A103000457386 /* ArrayTableController.swift */; };
		CB65D7AF1F8A131F00457386 /* SelectableLabelCell.xib in Resources */ = {isa = PBXBuildFile; fileRef = CB65D7AE1F8A131F00457386 /* SelectableLabelCell.xib */; };
		CB84B1891FEAF5E500B455D4 /* SortPrefixes.plist in Resources */ = {isa = PBXBuildFile; fileRef = CB84B18B1FEAF5E500B455D4 /* SortPrefixes.plist */; };
		CB9484C11EFA643500D9651E /* Localizable.strings in Resources */ = {isa = PBXBuildFile; fileRef = CB9484C31EFA643500D9651E /* Localizable.strings */; };
		CBAE5E861F3486EA0055366F /* EditItem.storyboard in Resources */ = {isa = PBXBuildFile; fileRef = CBAE5E841F3486EA0055366F /* EditItem.storyboard */; };
		CBAE5E8B1F3493EA0055366F /* AddItem.storyboard in Resources */ = {isa = PBXBuildFile; fileRef = CBAE5E891F3493EA0055366F /* AddItem.storyboard */; };
		CBB569671EA4D6A2005F7BA7 /* AppDelegate.swift in Sources */ = {isa = PBXBuildFile; fileRef = CBB569661EA4D6A2005F7BA7 /* AppDelegate.swift */; };
		CBB5696E1EA4D6A2005F7BA7 /* Main.storyboard in Resources */ = {isa = PBXBuildFile; fileRef = CBB5696C1EA4D6A2005F7BA7 /* Main.storyboard */; };
		CBB569701EA4D6A2005F7BA7 /* Assets.xcassets in Resources */ = {isa = PBXBuildFile; fileRef = CBB5696F1EA4D6A2005F7BA7 /* Assets.xcassets */; };
		CBB569731EA4D6A2005F7BA7 /* LaunchScreen.storyboard in Resources */ = {isa = PBXBuildFile; fileRef = CBB569711EA4D6A2005F7BA7 /* LaunchScreen.storyboard */; };
		CBB569801EA4D6C3005F7BA7 /* MediaItem.swift in Sources */ = {isa = PBXBuildFile; fileRef = CBB5697B1EA4D6C3005F7BA7 /* MediaItem.swift */; };
		CBB569811EA4D6C3005F7BA7 /* MediaLibrary.swift in Sources */ = {isa = PBXBuildFile; fileRef = CBB5697C1EA4D6C3005F7BA7 /* MediaLibrary.swift */; };
		CBED94271F6BF80E00FA4045 /* PopularMoviesViewController.swift in Sources */ = {isa = PBXBuildFile; fileRef = CBED94201F6BF6C200FA4045 /* PopularMoviesViewController.swift */; };
		CBED94281F6BF80E00FA4045 /* SearchResultsViewController.swift in Sources */ = {isa = PBXBuildFile; fileRef = CBED94211F6BF6C200FA4045 /* SearchResultsViewController.swift */; };
		CBED94291F6BF80E00FA4045 /* SearchTMDBViewController.swift in Sources */ = {isa = PBXBuildFile; fileRef = CBED94221F6BF6C200FA4045 /* SearchTMDBViewController.swift */; };
		CBED942A1F6BF80E00FA4045 /* AddItemViewController.swift in Sources */ = {isa = PBXBuildFile; fileRef = CBED941A1F6BF6C200FA4045 /* AddItemViewController.swift */; };
		CBED942B1F6BFB0E00FA4045 /* MasterViewController.swift in Sources */ = {isa = PBXBuildFile; fileRef = CBED941F1F6BF6C200FA4045 /* MasterViewController.swift */; };
		CBED942C1F6BFB0E00FA4045 /* SortDescriptor.swift in Sources */ = {isa = PBXBuildFile; fileRef = CBED94231F6BF6C200FA4045 /* SortDescriptor.swift */; };
		CBED942D1F6BFB0E00FA4045 /* EditItemTableViewController.swift in Sources */ = {isa = PBXBuildFile; fileRef = CBED941C1F6BF6C200FA4045 /* EditItemTableViewController.swift */; };
		CBED942E1F6BFB0E00FA4045 /* TableViewSortingStrategy.swift in Sources */ = {isa = PBXBuildFile; fileRef = CBED94241F6BF6C200FA4045 /* TableViewSortingStrategy.swift */; };
		CBED94301F6BFB0E00FA4045 /* DetailViewController.swift in Sources */ = {isa = PBXBuildFile; fileRef = CBED941B1F6BF6C200FA4045 /* DetailViewController.swift */; };
		CBED94311F6BFB0E00FA4045 /* MaintenanceViewController.swift in Sources */ = {isa = PBXBuildFile; fileRef = CBED941E1F6BF6C200FA4045 /* MaintenanceViewController.swift */; };
/* End PBXBuildFile section */

/* Begin PBXFileReference section */
		7EFA6A072B4111F2406B5151 /* Pods-Cinema.release.xcconfig */ = {isa = PBXFileReference; includeInIndex = 1; lastKnownFileType = text.xcconfig; name = "Pods-Cinema.release.xcconfig"; path = "Pods/Target Support Files/Pods-Cinema/Pods-Cinema.release.xcconfig"; sourceTree = "<group>"; };
		816BF09753AED0716E1BBC94 /* TMDBSwiftCache.swift */ = {isa = PBXFileReference; fileEncoding = 4; lastKnownFileType = sourcecode.swift; path = TMDBSwiftCache.swift; sourceTree = "<group>"; };
		816BF1736861B92F3C805B3D /* MulticastDelegate.swift */ = {isa = PBXFileReference; fileEncoding = 4; lastKnownFileType = sourcecode.swift; path = MulticastDelegate.swift; sourceTree = "<group>"; };
		816BF176EC09E4DC465BD019 /* ImportAction.swift */ = {isa = PBXFileReference; fileEncoding = 4; lastKnownFileType = sourcecode.swift; path = ImportAction.swift; sourceTree = "<group>"; };
		816BF18B4CBACCFADEB126E2 /* ImportAndUpdateAction.swift */ = {isa = PBXFileReference; fileEncoding = 4; lastKnownFileType = sourcecode.swift; path = ImportAndUpdateAction.swift; sourceTree = "<group>"; };
		816BF2612290416EB1BFCA59 /* MovieDbClient.swift */ = {isa = PBXFileReference; fileEncoding = 4; lastKnownFileType = sourcecode.swift; path = MovieDbClient.swift; sourceTree = "<group>"; };
		816BF3DA62E7CFD210E5592E /* PropertyUpdateAction.swift */ = {isa = PBXFileReference; fileEncoding = 4; lastKnownFileType = sourcecode.swift; path = PropertyUpdateAction.swift; sourceTree = "<group>"; };
		816BF53F9A8AEE41E204E3FF /* MaintenanceAction.swift */ = {isa = PBXFileReference; fileEncoding = 4; lastKnownFileType = sourcecode.swift; path = MaintenanceAction.swift; sourceTree = "<group>"; };
		816BF6485AE62C9C4E2E63B2 /* MediaItemUpdates.swift */ = {isa = PBXFileReference; fileEncoding = 4; lastKnownFileType = sourcecode.swift; path = MediaItemUpdates.swift; sourceTree = "<group>"; };
		816BFA309BDAC4DB9673DA9D /* FileBasedMediaLibrary.swift */ = {isa = PBXFileReference; fileEncoding = 4; lastKnownFileType = sourcecode.swift; path = FileBasedMediaLibrary.swift; sourceTree = "<group>"; };
		816BFADE97383610973677D9 /* Config.swift */ = {isa = PBXFileReference; fileEncoding = 4; lastKnownFileType = sourcecode.swift; path = Config.swift; sourceTree = "<group>"; };
		816BFB35827AAE8FBEE17E66 /* JSONFormat.swift */ = {isa = PBXFileReference; fileEncoding = 4; lastKnownFileType = sourcecode.swift; path = JSONFormat.swift; sourceTree = "<group>"; };
		816BFC4887FE2604E5FB8233 /* Utils.swift */ = {isa = PBXFileReference; fileEncoding = 4; lastKnownFileType = sourcecode.swift; path = Utils.swift; sourceTree = "<group>"; };
		816BFC9CFD7B36183A006B9A /* TMDBSwiftWrapper.swift */ = {isa = PBXFileReference; fileEncoding = 4; lastKnownFileType = sourcecode.swift; path = TMDBSwiftWrapper.swift; sourceTree = "<group>"; };
		816BFD2D067C0F79106D9254 /* GenericEmptyView.swift */ = {isa = PBXFileReference; fileEncoding = 4; lastKnownFileType = sourcecode.swift; path = GenericEmptyView.swift; sourceTree = "<group>"; };
		816BFD50F2821EF263C13B48 /* SelectableLabelSheet.swift */ = {isa = PBXFileReference; fileEncoding = 4; lastKnownFileType = sourcecode.swift; path = SelectableLabelSheet.swift; sourceTree = "<group>"; };
		816BFE92A74C1A209F3908F4 /* DataFormat.swift */ = {isa = PBXFileReference; fileEncoding = 4; lastKnownFileType = sourcecode.swift; path = DataFormat.swift; sourceTree = "<group>"; };
		816BFF4C36540A18EF3BBC17 /* KeyedArchivalFormat.swift */ = {isa = PBXFileReference; fileEncoding = 4; lastKnownFileType = sourcecode.swift; path = KeyedArchivalFormat.swift; sourceTree = "<group>"; };
		8C472C6855131BBE3D2F6D7B /* Pods_Cinema.framework */ = {isa = PBXFileReference; explicitFileType = wrapper.framework; includeInIndex = 0; path = Pods_Cinema.framework; sourceTree = BUILT_PRODUCTS_DIR; };
		BD6BB3A3319A0BF4E8E46CA9 /* Pods-Cinema.debug.xcconfig */ = {isa = PBXFileReference; includeInIndex = 1; lastKnownFileType = text.xcconfig; name = "Pods-Cinema.debug.xcconfig"; path = "Pods/Target Support Files/Pods-Cinema/Pods-Cinema.debug.xcconfig"; sourceTree = "<group>"; };
		CB0F41311F5C526B00095350 /* Base */ = {isa = PBXFileReference; lastKnownFileType = text.plist.stringsdict; name = Base; path = Base.lproj/Localizable.stringsdict; sourceTree = "<group>"; };
		CB0F41331F5C526D00095350 /* de */ = {isa = PBXFileReference; lastKnownFileType = text.plist.stringsdict; name = de; path = de.lproj/Localizable.stringsdict; sourceTree = "<group>"; };
		CB1A7B1F1F5C07B60091F993 /* Base */ = {isa = PBXFileReference; lastKnownFileType = file.storyboard; name = Base; path = Base.lproj/Maintenance.storyboard; sourceTree = "<group>"; };
		CB65D7A81F8A103000457386 /* TabularSheetController.swift */ = {isa = PBXFileReference; lastKnownFileType = sourcecode.swift; path = TabularSheetController.swift; sourceTree = "<group>"; };
		CB65D7A91F8A103000457386 /* ArrayTableController.swift */ = {isa = PBXFileReference; lastKnownFileType = sourcecode.swift; path = ArrayTableController.swift; sourceTree = "<group>"; };
		CB65D7AA1F8A103000457386 /* DimmingPresentationController.swift */ = {isa = PBXFileReference; lastKnownFileType = sourcecode.swift; path = DimmingPresentationController.swift; sourceTree = "<group>"; };
		CB65D7AE1F8A131F00457386 /* SelectableLabelCell.xib */ = {isa = PBXFileReference; lastKnownFileType = file.xib; path = SelectableLabelCell.xib; sourceTree = "<group>"; };
		CB84B18A1FEAF5E500B455D4 /* Base */ = {isa = PBXFileReference; lastKnownFileType = text.plist.xml; name = Base; path = Base.lproj/SortPrefixes.plist; sourceTree = "<group>"; };
		CB9484C21EFA643500D9651E /* Base */ = {isa = PBXFileReference; lastKnownFileType = text.plist.strings; name = Base; path = Base.lproj/Localizable.strings; sourceTree = "<group>"; };
		CB9484C61EFA691100D9651E /* de */ = {isa = PBXFileReference; lastKnownFileType = text.plist.strings; name = de; path = de.lproj/Localizable.strings; sourceTree = "<group>"; };
		CBAE5E851F3486EA0055366F /* Base */ = {isa = PBXFileReference; lastKnownFileType = file.storyboard; name = Base; path = Base.lproj/EditItem.storyboard; sourceTree = "<group>"; };
		CBAE5E8A1F3493EA0055366F /* Base */ = {isa = PBXFileReference; lastKnownFileType = file.storyboard; name = Base; path = Base.lproj/AddItem.storyboard; sourceTree = "<group>"; };
		CBB569631EA4D6A2005F7BA7 /* Cinema.app */ = {isa = PBXFileReference; explicitFileType = wrapper.application; includeInIndex = 0; path = Cinema.app; sourceTree = BUILT_PRODUCTS_DIR; };
		CBB569661EA4D6A2005F7BA7 /* AppDelegate.swift */ = {isa = PBXFileReference; lastKnownFileType = sourcecode.swift; path = AppDelegate.swift; sourceTree = "<group>"; };
		CBB5696D1EA4D6A2005F7BA7 /* Base */ = {isa = PBXFileReference; lastKnownFileType = file.storyboard; name = Base; path = Base.lproj/Main.storyboard; sourceTree = "<group>"; };
		CBB5696F1EA4D6A2005F7BA7 /* Assets.xcassets */ = {isa = PBXFileReference; lastKnownFileType = folder.assetcatalog; path = Assets.xcassets; sourceTree = "<group>"; };
		CBB569721EA4D6A2005F7BA7 /* Base */ = {isa = PBXFileReference; lastKnownFileType = file.storyboard; name = Base; path = Base.lproj/LaunchScreen.storyboard; sourceTree = "<group>"; };
		CBB569741EA4D6A2005F7BA7 /* Info.plist */ = {isa = PBXFileReference; lastKnownFileType = text.plist.xml; path = Info.plist; sourceTree = "<group>"; };
		CBB5697B1EA4D6C3005F7BA7 /* MediaItem.swift */ = {isa = PBXFileReference; fileEncoding = 4; lastKnownFileType = sourcecode.swift; path = MediaItem.swift; sourceTree = "<group>"; };
		CBB5697C1EA4D6C3005F7BA7 /* MediaLibrary.swift */ = {isa = PBXFileReference; fileEncoding = 4; lastKnownFileType = sourcecode.swift; path = MediaLibrary.swift; sourceTree = "<group>"; };
		CBED941A1F6BF6C200FA4045 /* AddItemViewController.swift */ = {isa = PBXFileReference; lastKnownFileType = sourcecode.swift; path = AddItemViewController.swift; sourceTree = "<group>"; };
		CBED941B1F6BF6C200FA4045 /* DetailViewController.swift */ = {isa = PBXFileReference; lastKnownFileType = sourcecode.swift; path = DetailViewController.swift; sourceTree = "<group>"; };
		CBED941C1F6BF6C200FA4045 /* EditItemTableViewController.swift */ = {isa = PBXFileReference; lastKnownFileType = sourcecode.swift; path = EditItemTableViewController.swift; sourceTree = "<group>"; };
		CBED941E1F6BF6C200FA4045 /* MaintenanceViewController.swift */ = {isa = PBXFileReference; lastKnownFileType = sourcecode.swift; path = MaintenanceViewController.swift; sourceTree = "<group>"; };
		CBED941F1F6BF6C200FA4045 /* MasterViewController.swift */ = {isa = PBXFileReference; lastKnownFileType = sourcecode.swift; path = MasterViewController.swift; sourceTree = "<group>"; };
		CBED94201F6BF6C200FA4045 /* PopularMoviesViewController.swift */ = {isa = PBXFileReference; lastKnownFileType = sourcecode.swift; path = PopularMoviesViewController.swift; sourceTree = "<group>"; };
		CBED94211F6BF6C200FA4045 /* SearchResultsViewController.swift */ = {isa = PBXFileReference; lastKnownFileType = sourcecode.swift; path = SearchResultsViewController.swift; sourceTree = "<group>"; };
		CBED94221F6BF6C200FA4045 /* SearchTMDBViewController.swift */ = {isa = PBXFileReference; lastKnownFileType = sourcecode.swift; path = SearchTMDBViewController.swift; sourceTree = "<group>"; };
		CBED94231F6BF6C200FA4045 /* SortDescriptor.swift */ = {isa = PBXFileReference; lastKnownFileType = sourcecode.swift; path = SortDescriptor.swift; sourceTree = "<group>"; };
		CBED94241F6BF6C200FA4045 /* TableViewSortingStrategy.swift */ = {isa = PBXFileReference; lastKnownFileType = sourcecode.swift; path = TableViewSortingStrategy.swift; sourceTree = "<group>"; };
/* End PBXFileReference section */

/* Begin PBXFrameworksBuildPhase section */
		CBB569601EA4D6A2005F7BA7 /* Frameworks */ = {
			isa = PBXFrameworksBuildPhase;
			buildActionMask = 2147483647;
			files = (
				1F99146C76873F84CA3158D6 /* Pods_Cinema.framework in Frameworks */,
			);
			runOnlyForDeploymentPostprocessing = 0;
		};
/* End PBXFrameworksBuildPhase section */

/* Begin PBXGroup section */
		072023225BAF4C8987E04D3B /* Pods */ = {
			isa = PBXGroup;
			children = (
				BD6BB3A3319A0BF4E8E46CA9 /* Pods-Cinema.debug.xcconfig */,
				7EFA6A072B4111F2406B5151 /* Pods-Cinema.release.xcconfig */,
			);
			name = Pods;
			sourceTree = "<group>";
		};
		CB65D7A71F8A102400457386 /* Action Sheet */ = {
			isa = PBXGroup;
			children = (
				CB65D7A81F8A103000457386 /* TabularSheetController.swift */,
				CB65D7A91F8A103000457386 /* ArrayTableController.swift */,
				CB65D7AA1F8A103000457386 /* DimmingPresentationController.swift */,
				816BFD50F2821EF263C13B48 /* SelectableLabelSheet.swift */,
			);
			path = "Action Sheet";
			sourceTree = "<group>";
		};
		CBB5695A1EA4D6A2005F7BA7 = {
			isa = PBXGroup;
			children = (
				CBB569651EA4D6A2005F7BA7 /* Cinema */,
				CBB569641EA4D6A2005F7BA7 /* Products */,
				072023225BAF4C8987E04D3B /* Pods */,
				EEC46C40729C5E38D2943CD0 /* Frameworks */,
			);
			sourceTree = "<group>";
		};
		CBB569641EA4D6A2005F7BA7 /* Products */ = {
			isa = PBXGroup;
			children = (
				CBB569631EA4D6A2005F7BA7 /* Cinema.app */,
			);
			name = Products;
			sourceTree = "<group>";
		};
		CBB569651EA4D6A2005F7BA7 /* Cinema */ = {
			isa = PBXGroup;
			children = (
				CBED94131F6BF62600FA4045 /* Model */,
				CBED94251F6BF70900FA4045 /* View */,
				CBED94321F6BFB9900FA4045 /* Controller */,
				816BFC4887FE2604E5FB8233 /* Utils.swift */,
				CBB569741EA4D6A2005F7BA7 /* Info.plist */,
			);
			path = Cinema;
			sourceTree = "<group>";
		};
		CBED94131F6BF62600FA4045 /* Model */ = {
			isa = PBXGroup;
			children = (
				CBED94151F6BF64800FA4045 /* Library */,
				CBED94161F6BF66200FA4045 /* Maintenance */,
				CBED94141F6BF63500FA4045 /* MovieDb */,
				816BF1736861B92F3C805B3D /* MulticastDelegate.swift */,
			);
			path = Model;
			sourceTree = "<group>";
		};
		CBED94141F6BF63500FA4045 /* MovieDb */ = {
			isa = PBXGroup;
			children = (
				816BF2612290416EB1BFCA59 /* MovieDbClient.swift */,
				816BF09753AED0716E1BBC94 /* TMDBSwiftCache.swift */,
				816BFC9CFD7B36183A006B9A /* TMDBSwiftWrapper.swift */,
			);
			path = MovieDb;
			sourceTree = "<group>";
		};
		CBED94151F6BF64800FA4045 /* Library */ = {
			isa = PBXGroup;
			children = (
				CBB5697C1EA4D6C3005F7BA7 /* MediaLibrary.swift */,
				CBB5697B1EA4D6C3005F7BA7 /* MediaItem.swift */,
				816BFA309BDAC4DB9673DA9D /* FileBasedMediaLibrary.swift */,
				816BFE92A74C1A209F3908F4 /* DataFormat.swift */,
				816BFF4C36540A18EF3BBC17 /* KeyedArchivalFormat.swift */,
				816BFB35827AAE8FBEE17E66 /* JSONFormat.swift */,
			);
			path = Library;
			sourceTree = "<group>";
		};
		CBED94161F6BF66200FA4045 /* Maintenance */ = {
			isa = PBXGroup;
			children = (
				816BF53F9A8AEE41E204E3FF /* MaintenanceAction.swift */,
				816BF3DA62E7CFD210E5592E /* PropertyUpdateAction.swift */,
				816BF6485AE62C9C4E2E63B2 /* MediaItemUpdates.swift */,
				816BF176EC09E4DC465BD019 /* ImportAction.swift */,
				816BF18B4CBACCFADEB126E2 /* ImportAndUpdateAction.swift */,
			);
			path = Maintenance;
			sourceTree = "<group>";
		};
		CBED94251F6BF70900FA4045 /* View */ = {
			isa = PBXGroup;
			children = (
				CBB569711EA4D6A2005F7BA7 /* LaunchScreen.storyboard */,
				CBB5696C1EA4D6A2005F7BA7 /* Main.storyboard */,
				CBAE5E891F3493EA0055366F /* AddItem.storyboard */,
				CBAE5E841F3486EA0055366F /* EditItem.storyboard */,
				CB1A7B201F5C07B60091F993 /* Maintenance.storyboard */,
				CBB5696F1EA4D6A2005F7BA7 /* Assets.xcassets */,
				CB9484C31EFA643500D9651E /* Localizable.strings */,
				CB0F41321F5C526B00095350 /* Localizable.stringsdict */,
				816BFD2D067C0F79106D9254 /* GenericEmptyView.swift */,
				CB65D7AE1F8A131F00457386 /* SelectableLabelCell.xib */,
				CB84B18B1FEAF5E500B455D4 /* SortPrefixes.plist */,
			);
			path = View;
			sourceTree = "<group>";
		};
		CBED94321F6BFB9900FA4045 /* Controller */ = {
			isa = PBXGroup;
			children = (
				CB65D7A71F8A102400457386 /* Action Sheet */,
				CBB569661EA4D6A2005F7BA7 /* AppDelegate.swift */,
				816BFADE97383610973677D9 /* Config.swift */,
				CBED941F1F6BF6C200FA4045 /* MasterViewController.swift */,
				CBED94241F6BF6C200FA4045 /* TableViewSortingStrategy.swift */,
				CBED94231F6BF6C200FA4045 /* SortDescriptor.swift */,
				CBED941B1F6BF6C200FA4045 /* DetailViewController.swift */,
				CBED941C1F6BF6C200FA4045 /* EditItemTableViewController.swift */,
				CBED94211F6BF6C200FA4045 /* SearchResultsViewController.swift */,
				CBED94221F6BF6C200FA4045 /* SearchTMDBViewController.swift */,
				CBED94201F6BF6C200FA4045 /* PopularMoviesViewController.swift */,
				CBED941A1F6BF6C200FA4045 /* AddItemViewController.swift */,
				CBED941E1F6BF6C200FA4045 /* MaintenanceViewController.swift */,
			);
			path = Controller;
			sourceTree = "<group>";
		};
		EEC46C40729C5E38D2943CD0 /* Frameworks */ = {
			isa = PBXGroup;
			children = (
				8C472C6855131BBE3D2F6D7B /* Pods_Cinema.framework */,
			);
			name = Frameworks;
			sourceTree = "<group>";
		};
/* End PBXGroup section */

/* Begin PBXNativeTarget section */
		CBB569621EA4D6A2005F7BA7 /* Cinema */ = {
			isa = PBXNativeTarget;
			buildConfigurationList = CBB569771EA4D6A2005F7BA7 /* Build configuration list for PBXNativeTarget "Cinema" */;
			buildPhases = (
				F3CADB86DFA1A0D01697310F /* [CP] Check Pods Manifest.lock */,
				CBB5695F1EA4D6A2005F7BA7 /* Sources */,
				CBB569601EA4D6A2005F7BA7 /* Frameworks */,
				CBB569611EA4D6A2005F7BA7 /* Resources */,
				E09430FDF23DCE2C491ABA2F /* [CP] Embed Pods Frameworks */,
				49EBD506F3024D94E638A4C7 /* [CP] Copy Pods Resources */,
			);
			buildRules = (
			);
			dependencies = (
			);
			name = Cinema;
			productName = Cinema;
			productReference = CBB569631EA4D6A2005F7BA7 /* Cinema.app */;
			productType = "com.apple.product-type.application";
		};
/* End PBXNativeTarget section */

/* Begin PBXProject section */
		CBB5695B1EA4D6A2005F7BA7 /* Project object */ = {
			isa = PBXProject;
			attributes = {
				LastSwiftUpdateCheck = 0830;
				LastUpgradeCheck = 0900;
				ORGANIZATIONNAME = "Martin Bauer";
				TargetAttributes = {
					CBB569621EA4D6A2005F7BA7 = {
						CreatedOnToolsVersion = 8.3;
						DevelopmentTeam = 77DM9DN8P3;
						LastSwiftMigration = 0900;
						ProvisioningStyle = Automatic;
					};
				};
			};
			buildConfigurationList = CBB5695E1EA4D6A2005F7BA7 /* Build configuration list for PBXProject "Cinema" */;
			compatibilityVersion = "Xcode 3.2";
			developmentRegion = English;
			hasScannedForEncodings = 0;
			knownRegions = (
				en,
				Base,
				de,
			);
			mainGroup = CBB5695A1EA4D6A2005F7BA7;
			productRefGroup = CBB569641EA4D6A2005F7BA7 /* Products */;
			projectDirPath = "";
			projectRoot = "";
			targets = (
				CBB569621EA4D6A2005F7BA7 /* Cinema */,
			);
		};
/* End PBXProject section */

/* Begin PBXResourcesBuildPhase section */
		CBB569611EA4D6A2005F7BA7 /* Resources */ = {
			isa = PBXResourcesBuildPhase;
			buildActionMask = 2147483647;
			files = (
				CB1A7B1E1F5C07B60091F993 /* Maintenance.storyboard in Resources */,
				CBB569731EA4D6A2005F7BA7 /* LaunchScreen.storyboard in Resources */,
				CB0F41301F5C526B00095350 /* Localizable.stringsdict in Resources */,
				CBAE5E8B1F3493EA0055366F /* AddItem.storyboard in Resources */,
				CB84B1891FEAF5E500B455D4 /* SortPrefixes.plist in Resources */,
				CB9484C11EFA643500D9651E /* Localizable.strings in Resources */,
				CBB569701EA4D6A2005F7BA7 /* Assets.xcassets in Resources */,
				CBB5696E1EA4D6A2005F7BA7 /* Main.storyboard in Resources */,
				CB65D7AF1F8A131F00457386 /* SelectableLabelCell.xib in Resources */,
				CBAE5E861F3486EA0055366F /* EditItem.storyboard in Resources */,
			);
			runOnlyForDeploymentPostprocessing = 0;
		};
/* End PBXResourcesBuildPhase section */

/* Begin PBXShellScriptBuildPhase section */
		49EBD506F3024D94E638A4C7 /* [CP] Copy Pods Resources */ = {
			isa = PBXShellScriptBuildPhase;
			buildActionMask = 2147483647;
			files = (
			);
			inputPaths = (
			);
			name = "[CP] Copy Pods Resources";
			outputPaths = (
			);
			runOnlyForDeploymentPostprocessing = 0;
			shellPath = /bin/sh;
			shellScript = "\"${SRCROOT}/Pods/Target Support Files/Pods-Cinema/Pods-Cinema-resources.sh\"\n";
			showEnvVarsInLog = 0;
		};
		E09430FDF23DCE2C491ABA2F /* [CP] Embed Pods Frameworks */ = {
			isa = PBXShellScriptBuildPhase;
			buildActionMask = 2147483647;
			files = (
			);
			inputPaths = (
				"${SRCROOT}/Pods/Target Support Files/Pods-Cinema/Pods-Cinema-frameworks.sh",
				"${BUILT_PRODUCTS_DIR}/Cache/Cache.framework",
				"${BUILT_PRODUCTS_DIR}/SwiftyJSON/SwiftyJSON.framework",
				"${BUILT_PRODUCTS_DIR}/TMDBSwift/TMDBSwift.framework",
			);
			name = "[CP] Embed Pods Frameworks";
			outputPaths = (
				"${TARGET_BUILD_DIR}/${FRAMEWORKS_FOLDER_PATH}/Cache.framework",
				"${TARGET_BUILD_DIR}/${FRAMEWORKS_FOLDER_PATH}/SwiftyJSON.framework",
				"${TARGET_BUILD_DIR}/${FRAMEWORKS_FOLDER_PATH}/TMDBSwift.framework",
			);
			runOnlyForDeploymentPostprocessing = 0;
			shellPath = /bin/sh;
			shellScript = "\"${SRCROOT}/Pods/Target Support Files/Pods-Cinema/Pods-Cinema-frameworks.sh\"\n";
			showEnvVarsInLog = 0;
		};
		F3CADB86DFA1A0D01697310F /* [CP] Check Pods Manifest.lock */ = {
			isa = PBXShellScriptBuildPhase;
			buildActionMask = 2147483647;
			files = (
			);
			inputPaths = (
				"${PODS_PODFILE_DIR_PATH}/Podfile.lock",
				"${PODS_ROOT}/Manifest.lock",
			);
			name = "[CP] Check Pods Manifest.lock";
			outputPaths = (
				"$(DERIVED_FILE_DIR)/Pods-Cinema-checkManifestLockResult.txt",
			);
			runOnlyForDeploymentPostprocessing = 0;
			shellPath = /bin/sh;
			shellScript = "diff \"${PODS_PODFILE_DIR_PATH}/Podfile.lock\" \"${PODS_ROOT}/Manifest.lock\" > /dev/null\nif [ $? != 0 ] ; then\n    # print error to STDERR\n    echo \"error: The sandbox is not in sync with the Podfile.lock. Run 'pod install' or update your CocoaPods installation.\" >&2\n    exit 1\nfi\n# This output is used by Xcode 'outputs' to avoid re-running this script phase.\necho \"SUCCESS\" > \"${SCRIPT_OUTPUT_FILE_0}\"\n";
			showEnvVarsInLog = 0;
		};
/* End PBXShellScriptBuildPhase section */

/* Begin PBXSourcesBuildPhase section */
		CBB5695F1EA4D6A2005F7BA7 /* Sources */ = {
			isa = PBXSourcesBuildPhase;
			buildActionMask = 2147483647;
			files = (
				CBB569811EA4D6C3005F7BA7 /* MediaLibrary.swift in Sources */,
				CBB569801EA4D6C3005F7BA7 /* MediaItem.swift in Sources */,
				CB65D7AC1F8A108200457386 /* DimmingPresentationController.swift in Sources */,
				CBED942B1F6BFB0E00FA4045 /* MasterViewController.swift in Sources */,
				CBB569671EA4D6A2005F7BA7 /* AppDelegate.swift in Sources */,
				816BF40FCCC10885A4DACB13 /* Utils.swift in Sources */,
				816BF9965330281626DFEB45 /* MovieDbClient.swift in Sources */,
				CB096BB81F16B18200FBFD78 /* Config.swift in Sources */,
				816BF3E5F4BC47B998CE15A6 /* TMDBSwiftWrapper.swift in Sources */,
				CBED94311F6BFB0E00FA4045 /* MaintenanceViewController.swift in Sources */,
				CBED942D1F6BFB0E00FA4045 /* EditItemTableViewController.swift in Sources */,
				CBED94301F6BFB0E00FA4045 /* DetailViewController.swift in Sources */,
				CB65D7AB1F8A107F00457386 /* TabularSheetController.swift in Sources */,
				CBED942E1F6BFB0E00FA4045 /* TableViewSortingStrategy.swift in Sources */,
				CBED94271F6BF80E00FA4045 /* PopularMoviesViewController.swift in Sources */,
				816BF78402385BCBF434A807 /* FileBasedMediaLibrary.swift in Sources */,
				816BFFC1026534FCA7432523 /* DataFormat.swift in Sources */,
				816BFA30AFFD31F1A07CD0B6 /* KeyedArchivalFormat.swift in Sources */,
				CBED942A1F6BF80E00FA4045 /* AddItemViewController.swift in Sources */,
				816BF52DDE5A95DE54EE1FEF /* JSONFormat.swift in Sources */,
				CBED94281F6BF80E00FA4045 /* SearchResultsViewController.swift in Sources */,
				CBED942C1F6BFB0E00FA4045 /* SortDescriptor.swift in Sources */,
				816BF274AE17D0FDCEB2C994 /* MaintenanceAction.swift in Sources */,
				816BFABF5256F0205876AE33 /* PropertyUpdateAction.swift in Sources */,
				816BFBB935AA13E3AC7F3E9F /* MediaItemUpdates.swift in Sources */,
				816BF5794525B14475533BF1 /* TMDBSwiftCache.swift in Sources */,
				CBED94291F6BF80E00FA4045 /* SearchTMDBViewController.swift in Sources */,
				816BF8AD896393450AFBB602 /* ImportAction.swift in Sources */,
				CB65D7AD1F8A108A00457386 /* ArrayTableController.swift in Sources */,
				816BF7B198C9B80F6C055AF0 /* MulticastDelegate.swift in Sources */,
				816BFA3ED2B1415E000BE24F /* ImportAndUpdateAction.swift in Sources */,
				816BFC18F7DB44F8FF6B6838 /* SelectableLabelSheet.swift in Sources */,
				816BF68AD5183E9A65E57593 /* GenericEmptyView.swift in Sources */,
			);
			runOnlyForDeploymentPostprocessing = 0;
		};
/* End PBXSourcesBuildPhase section */

/* Begin PBXVariantGroup section */
		CB0F41321F5C526B00095350 /* Localizable.stringsdict */ = {
			isa = PBXVariantGroup;
			children = (
				CB0F41311F5C526B00095350 /* Base */,
				CB0F41331F5C526D00095350 /* de */,
			);
			name = Localizable.stringsdict;
			sourceTree = "<group>";
		};
		CB1A7B201F5C07B60091F993 /* Maintenance.storyboard */ = {
			isa = PBXVariantGroup;
			children = (
				CB1A7B1F1F5C07B60091F993 /* Base */,
			);
			name = Maintenance.storyboard;
			sourceTree = "<group>";
		};
		CB84B18B1FEAF5E500B455D4 /* SortPrefixes.plist */ = {
			isa = PBXVariantGroup;
			children = (
				CB84B18A1FEAF5E500B455D4 /* Base */,
			);
			name = SortPrefixes.plist;
			sourceTree = "<group>";
		};
		CB9484C31EFA643500D9651E /* Localizable.strings */ = {
			isa = PBXVariantGroup;
			children = (
				CB9484C21EFA643500D9651E /* Base */,
				CB9484C61EFA691100D9651E /* de */,
			);
			name = Localizable.strings;
			sourceTree = "<group>";
		};
		CBAE5E841F3486EA0055366F /* EditItem.storyboard */ = {
			isa = PBXVariantGroup;
			children = (
				CBAE5E851F3486EA0055366F /* Base */,
			);
			name = EditItem.storyboard;
			sourceTree = "<group>";
		};
		CBAE5E891F3493EA0055366F /* AddItem.storyboard */ = {
			isa = PBXVariantGroup;
			children = (
				CBAE5E8A1F3493EA0055366F /* Base */,
			);
			name = AddItem.storyboard;
			sourceTree = "<group>";
		};
		CBB5696C1EA4D6A2005F7BA7 /* Main.storyboard */ = {
			isa = PBXVariantGroup;
			children = (
				CBB5696D1EA4D6A2005F7BA7 /* Base */,
			);
			name = Main.storyboard;
			sourceTree = "<group>";
		};
		CBB569711EA4D6A2005F7BA7 /* LaunchScreen.storyboard */ = {
			isa = PBXVariantGroup;
			children = (
				CBB569721EA4D6A2005F7BA7 /* Base */,
			);
			name = LaunchScreen.storyboard;
			sourceTree = "<group>";
		};
/* End PBXVariantGroup section */

/* Begin XCBuildConfiguration section */
		CBB569751EA4D6A2005F7BA7 /* Debug */ = {
			isa = XCBuildConfiguration;
			buildSettings = {
				ALWAYS_SEARCH_USER_PATHS = NO;
				CLANG_ANALYZER_LOCALIZABILITY_NONLOCALIZED = YES;
				CLANG_ANALYZER_NONNULL = YES;
				CLANG_ANALYZER_NUMBER_OBJECT_CONVERSION = YES_AGGRESSIVE;
				CLANG_CXX_LANGUAGE_STANDARD = "gnu++0x";
				CLANG_CXX_LIBRARY = "libc++";
				CLANG_ENABLE_MODULES = YES;
				CLANG_ENABLE_OBJC_ARC = YES;
				CLANG_WARN_BLOCK_CAPTURE_AUTORELEASING = YES;
				CLANG_WARN_BOOL_CONVERSION = YES;
				CLANG_WARN_COMMA = YES;
				CLANG_WARN_CONSTANT_CONVERSION = YES;
				CLANG_WARN_DIRECT_OBJC_ISA_USAGE = YES_ERROR;
				CLANG_WARN_DOCUMENTATION_COMMENTS = YES;
				CLANG_WARN_EMPTY_BODY = YES;
				CLANG_WARN_ENUM_CONVERSION = YES;
				CLANG_WARN_INFINITE_RECURSION = YES;
				CLANG_WARN_INT_CONVERSION = YES;
				CLANG_WARN_NON_LITERAL_NULL_CONVERSION = YES;
				CLANG_WARN_OBJC_LITERAL_CONVERSION = YES;
				CLANG_WARN_OBJC_ROOT_CLASS = YES_ERROR;
				CLANG_WARN_RANGE_LOOP_ANALYSIS = YES;
				CLANG_WARN_STRICT_PROTOTYPES = YES;
				CLANG_WARN_SUSPICIOUS_MOVE = YES;
				CLANG_WARN_UNREACHABLE_CODE = YES;
				CLANG_WARN__DUPLICATE_METHOD_MATCH = YES;
				"CODE_SIGN_IDENTITY[sdk=iphoneos*]" = "iPhone Developer";
				COPY_PHASE_STRIP = NO;
				DEBUG_INFORMATION_FORMAT = dwarf;
				ENABLE_STRICT_OBJC_MSGSEND = YES;
				ENABLE_TESTABILITY = YES;
				GCC_C_LANGUAGE_STANDARD = gnu99;
				GCC_DYNAMIC_NO_PIC = NO;
				GCC_NO_COMMON_BLOCKS = YES;
				GCC_OPTIMIZATION_LEVEL = 0;
				GCC_PREPROCESSOR_DEFINITIONS = (
					"DEBUG=1",
					"$(inherited)",
				);
				GCC_WARN_64_TO_32_BIT_CONVERSION = YES;
				GCC_WARN_ABOUT_RETURN_TYPE = YES_ERROR;
				GCC_WARN_UNDECLARED_SELECTOR = YES;
				GCC_WARN_UNINITIALIZED_AUTOS = YES_AGGRESSIVE;
				GCC_WARN_UNUSED_FUNCTION = YES;
				GCC_WARN_UNUSED_VARIABLE = YES;
				IPHONEOS_DEPLOYMENT_TARGET = 10.0;
				MTL_ENABLE_DEBUG_INFO = YES;
				ONLY_ACTIVE_ARCH = YES;
				SDKROOT = iphoneos;
				SWIFT_ACTIVE_COMPILATION_CONDITIONS = DEBUG;
				SWIFT_OPTIMIZATION_LEVEL = "-Onone";
				TARGETED_DEVICE_FAMILY = "1,2";
			};
			name = Debug;
		};
		CBB569761EA4D6A2005F7BA7 /* Release */ = {
			isa = XCBuildConfiguration;
			buildSettings = {
				ALWAYS_SEARCH_USER_PATHS = NO;
				CLANG_ANALYZER_LOCALIZABILITY_NONLOCALIZED = YES;
				CLANG_ANALYZER_NONNULL = YES;
				CLANG_ANALYZER_NUMBER_OBJECT_CONVERSION = YES_AGGRESSIVE;
				CLANG_CXX_LANGUAGE_STANDARD = "gnu++0x";
				CLANG_CXX_LIBRARY = "libc++";
				CLANG_ENABLE_MODULES = YES;
				CLANG_ENABLE_OBJC_ARC = YES;
				CLANG_WARN_BLOCK_CAPTURE_AUTORELEASING = YES;
				CLANG_WARN_BOOL_CONVERSION = YES;
				CLANG_WARN_COMMA = YES;
				CLANG_WARN_CONSTANT_CONVERSION = YES;
				CLANG_WARN_DIRECT_OBJC_ISA_USAGE = YES_ERROR;
				CLANG_WARN_DOCUMENTATION_COMMENTS = YES;
				CLANG_WARN_EMPTY_BODY = YES;
				CLANG_WARN_ENUM_CONVERSION = YES;
				CLANG_WARN_INFINITE_RECURSION = YES;
				CLANG_WARN_INT_CONVERSION = YES;
				CLANG_WARN_NON_LITERAL_NULL_CONVERSION = YES;
				CLANG_WARN_OBJC_LITERAL_CONVERSION = YES;
				CLANG_WARN_OBJC_ROOT_CLASS = YES_ERROR;
				CLANG_WARN_RANGE_LOOP_ANALYSIS = YES;
				CLANG_WARN_STRICT_PROTOTYPES = YES;
				CLANG_WARN_SUSPICIOUS_MOVE = YES;
				CLANG_WARN_UNREACHABLE_CODE = YES;
				CLANG_WARN__DUPLICATE_METHOD_MATCH = YES;
				"CODE_SIGN_IDENTITY[sdk=iphoneos*]" = "iPhone Developer";
				COPY_PHASE_STRIP = NO;
				DEBUG_INFORMATION_FORMAT = "dwarf-with-dsym";
				ENABLE_NS_ASSERTIONS = NO;
				ENABLE_STRICT_OBJC_MSGSEND = YES;
				GCC_C_LANGUAGE_STANDARD = gnu99;
				GCC_NO_COMMON_BLOCKS = YES;
				GCC_WARN_64_TO_32_BIT_CONVERSION = YES;
				GCC_WARN_ABOUT_RETURN_TYPE = YES_ERROR;
				GCC_WARN_UNDECLARED_SELECTOR = YES;
				GCC_WARN_UNINITIALIZED_AUTOS = YES_AGGRESSIVE;
				GCC_WARN_UNUSED_FUNCTION = YES;
				GCC_WARN_UNUSED_VARIABLE = YES;
				IPHONEOS_DEPLOYMENT_TARGET = 10.0;
				MTL_ENABLE_DEBUG_INFO = NO;
				SDKROOT = iphoneos;
				SWIFT_OPTIMIZATION_LEVEL = "-Owholemodule";
				TARGETED_DEVICE_FAMILY = "1,2";
				VALIDATE_PRODUCT = YES;
			};
			name = Release;
		};
		CBB569781EA4D6A2005F7BA7 /* Debug */ = {
			isa = XCBuildConfiguration;
			baseConfigurationReference = BD6BB3A3319A0BF4E8E46CA9 /* Pods-Cinema.debug.xcconfig */;
			buildSettings = {
				ASSETCATALOG_COMPILER_APPICON_NAME = AppIcon;
				DEVELOPMENT_TEAM = 77DM9DN8P3;
				INFOPLIST_FILE = Cinema/Info.plist;
				IPHONEOS_DEPLOYMENT_TARGET = 11.0;
				LD_RUNPATH_SEARCH_PATHS = "$(inherited) @executable_path/Frameworks";
				PRODUCT_BUNDLE_IDENTIFIER = de.martinbauer.cinema;
				PRODUCT_NAME = "$(TARGET_NAME)";
				SWIFT_SWIFT3_OBJC_INFERENCE = Default;
				SWIFT_VERSION = 4.0;
				TARGETED_DEVICE_FAMILY = 1;
			};
			name = Debug;
		};
		CBB569791EA4D6A2005F7BA7 /* Release */ = {
			isa = XCBuildConfiguration;
			baseConfigurationReference = 7EFA6A072B4111F2406B5151 /* Pods-Cinema.release.xcconfig */;
			buildSettings = {
				ASSETCATALOG_COMPILER_APPICON_NAME = AppIcon;
				DEVELOPMENT_TEAM = 77DM9DN8P3;
				INFOPLIST_FILE = Cinema/Info.plist;
				IPHONEOS_DEPLOYMENT_TARGET = 11.0;
				LD_RUNPATH_SEARCH_PATHS = "$(inherited) @executable_path/Frameworks";
				PRODUCT_BUNDLE_IDENTIFIER = de.martinbauer.cinema;
				PRODUCT_NAME = "$(TARGET_NAME)";
				SWIFT_SWIFT3_OBJC_INFERENCE = Default;
				SWIFT_VERSION = 4.0;
				TARGETED_DEVICE_FAMILY = 1;
			};
			name = Release;
		};
/* End XCBuildConfiguration section */

/* Begin XCConfigurationList section */
		CBB5695E1EA4D6A2005F7BA7 /* Build configuration list for PBXProject "Cinema" */ = {
			isa = XCConfigurationList;
			buildConfigurations = (
				CBB569751EA4D6A2005F7BA7 /* Debug */,
				CBB569761EA4D6A2005F7BA7 /* Release */,
			);
			defaultConfigurationIsVisible = 0;
			defaultConfigurationName = Release;
		};
		CBB569771EA4D6A2005F7BA7 /* Build configuration list for PBXNativeTarget "Cinema" */ = {
			isa = XCConfigurationList;
			buildConfigurations = (
				CBB569781EA4D6A2005F7BA7 /* Debug */,
				CBB569791EA4D6A2005F7BA7 /* Release */,
			);
			defaultConfigurationIsVisible = 0;
			defaultConfigurationName = Release;
		};
/* End XCConfigurationList section */
	};
	rootObject = CBB5695B1EA4D6A2005F7BA7 /* Project object */;
}
